// !$*UTF8*$!
{
	archiveVersion = 1;
	classes = {
	};
	objectVersion = 46;
	objects = {

/* Begin PBXBuildFile section */
		A5D08E7BBB6D9BB7609EBEB8 /* libPods.a in Frameworks */ = {isa = PBXBuildFile; fileRef = B56FE5A8E2A72DDFEC010414 /* libPods.a */; };
		C48B93AC1D54CA2D00A727A3 /* UIButton+Extend.m in Sources */ = {isa = PBXBuildFile; fileRef = C48B93AB1D54CA2D00A727A3 /* UIButton+Extend.m */; };
		C4DF66B41D55B7AE00B45AC4 /* FileTool.m in Sources */ = {isa = PBXBuildFile; fileRef = C4DF66B31D55B7AE00B45AC4 /* FileTool.m */; };
		E90F239F1D47504C00A7BD6B /* main.m in Sources */ = {isa = PBXBuildFile; fileRef = E90F239E1D47504C00A7BD6B /* main.m */; };
		E90F23A21D47504C00A7BD6B /* AppDelegate.m in Sources */ = {isa = PBXBuildFile; fileRef = E90F23A11D47504C00A7BD6B /* AppDelegate.m */; };
		E90F23A51D47504C00A7BD6B /* ViewController.m in Sources */ = {isa = PBXBuildFile; fileRef = E90F23A41D47504C00A7BD6B /* ViewController.m */; };
		E90F23A81D47504C00A7BD6B /* Main.storyboard in Resources */ = {isa = PBXBuildFile; fileRef = E90F23A61D47504C00A7BD6B /* Main.storyboard */; };
		E90F23AA1D47504C00A7BD6B /* Assets.xcassets in Resources */ = {isa = PBXBuildFile; fileRef = E90F23A91D47504C00A7BD6B /* Assets.xcassets */; };
		E90F23AD1D47504C00A7BD6B /* LaunchScreen.storyboard in Resources */ = {isa = PBXBuildFile; fileRef = E90F23AB1D47504C00A7BD6B /* LaunchScreen.storyboard */; };
		E90F23B81D47504C00A7BD6B /* NCLGeneralFrameworkTests.m in Sources */ = {isa = PBXBuildFile; fileRef = E90F23B71D47504C00A7BD6B /* NCLGeneralFrameworkTests.m */; };
		E90F23C31D47504C00A7BD6B /* NCLGeneralFrameworkUITests.m in Sources */ = {isa = PBXBuildFile; fileRef = E90F23C21D47504C00A7BD6B /* NCLGeneralFrameworkUITests.m */; };
		E90F23DC1D47532E00A7BD6B /* AdvertiseView.m in Sources */ = {isa = PBXBuildFile; fileRef = E90F23DB1D47532E00A7BD6B /* AdvertiseView.m */; };
		E90F23DF1D47533B00A7BD6B /* AFAppDotNetAPIClient.m in Sources */ = {isa = PBXBuildFile; fileRef = E90F23DE1D47533B00A7BD6B /* AFAppDotNetAPIClient.m */; };
		E90F23EA1D47536C00A7BD6B /* OneViewController.m in Sources */ = {isa = PBXBuildFile; fileRef = E90F23E11D47536C00A7BD6B /* OneViewController.m */; };
		E90F23EB1D47536C00A7BD6B /* TwoViewController.m in Sources */ = {isa = PBXBuildFile; fileRef = E90F23E31D47536C00A7BD6B /* TwoViewController.m */; };
		E90F23EC1D47536C00A7BD6B /* ThreeViewController.m in Sources */ = {isa = PBXBuildFile; fileRef = E90F23E51D47536C00A7BD6B /* ThreeViewController.m */; };
		E90F23ED1D47536C00A7BD6B /* FourViewController.m in Sources */ = {isa = PBXBuildFile; fileRef = E90F23E71D47536C00A7BD6B /* FourViewController.m */; };
		E90F23EE1D47536C00A7BD6B /* FiveViewController.m in Sources */ = {isa = PBXBuildFile; fileRef = E90F23E91D47536C00A7BD6B /* FiveViewController.m */; };
		E90F23F21D47538C00A7BD6B /* AdvertiseViewController.m in Sources */ = {isa = PBXBuildFile; fileRef = E90F23F11D47538C00A7BD6B /* AdvertiseViewController.m */; };
		E90F23F91D4753D400A7BD6B /* MBProgressHUD.bundle in Resources */ = {isa = PBXBuildFile; fileRef = E90F23F41D4753D400A7BD6B /* MBProgressHUD.bundle */; };
		E90F23FA1D4753D400A7BD6B /* MBProgressHUD+HUD.m in Sources */ = {isa = PBXBuildFile; fileRef = E90F23F61D4753D400A7BD6B /* MBProgressHUD+HUD.m */; };
		E90F23FB1D4753D400A7BD6B /* UIBarButtonItem+Item.m in Sources */ = {isa = PBXBuildFile; fileRef = E90F23F81D4753D400A7BD6B /* UIBarButtonItem+Item.m */; };
		E90F23FE1D4753EC00A7BD6B /* BLL.m in Sources */ = {isa = PBXBuildFile; fileRef = E90F23FD1D4753EC00A7BD6B /* BLL.m */; };
		E90F24011D4753FF00A7BD6B /* UserModel.m in Sources */ = {isa = PBXBuildFile; fileRef = E90F24001D4753FF00A7BD6B /* UserModel.m */; };
		E90F24061D47541600A7BD6B /* MainTabBarController.m in Sources */ = {isa = PBXBuildFile; fileRef = E90F24031D47541600A7BD6B /* MainTabBarController.m */; };
		E90F24071D47541600A7BD6B /* RootNavigationController.m in Sources */ = {isa = PBXBuildFile; fileRef = E90F24051D47541600A7BD6B /* RootNavigationController.m */; };
		E90F240E1D47543F00A7BD6B /* AppDelegate+AdvertiseViewController.m in Sources */ = {isa = PBXBuildFile; fileRef = E90F24091D47543F00A7BD6B /* AppDelegate+AdvertiseViewController.m */; };
		E90F240F1D47543F00A7BD6B /* AppDelegate+Pay.m in Sources */ = {isa = PBXBuildFile; fileRef = E90F240B1D47543F00A7BD6B /* AppDelegate+Pay.m */; };
		E90F24101D47543F00A7BD6B /* AppDelegate+RootViewController.m in Sources */ = {isa = PBXBuildFile; fileRef = E90F240D1D47543F00A7BD6B /* AppDelegate+RootViewController.m */; };
		E90F24171D4754FA00A7BD6B /* InfoPlist.strings in Resources */ = {isa = PBXBuildFile; fileRef = E90F24191D4754FA00A7BD6B /* InfoPlist.strings */; };
		E981FF171D4EE2FE004D6DD5 /* UIImage+ImageEffects.m in Sources */ = {isa = PBXBuildFile; fileRef = E981FF141D4EE2FE004D6DD5 /* UIImage+ImageEffects.m */; };
		E981FF181D4EE2FE004D6DD5 /* UIImageView+LBBlurredImage.m in Sources */ = {isa = PBXBuildFile; fileRef = E981FF161D4EE2FE004D6DD5 /* UIImageView+LBBlurredImage.m */; };
		E98BABDC1D483BFF004A3F08 /* CoreMotion.framework in Frameworks */ = {isa = PBXBuildFile; fileRef = E98BABDB1D483BFF004A3F08 /* CoreMotion.framework */; };
		E98BABDE1D483C08004A3F08 /* CFNetwork.framework in Frameworks */ = {isa = PBXBuildFile; fileRef = E98BABDD1D483C08004A3F08 /* CFNetwork.framework */; };
		E98BABE01D483C1A004A3F08 /* Foundation.framework in Frameworks */ = {isa = PBXBuildFile; fileRef = E98BABDF1D483C1A004A3F08 /* Foundation.framework */; };
		E98BABE21D483C21004A3F08 /* UIKit.framework in Frameworks */ = {isa = PBXBuildFile; fileRef = E98BABE11D483C21004A3F08 /* UIKit.framework */; };
		E98BABE41D483C2A004A3F08 /* CoreGraphics.framework in Frameworks */ = {isa = PBXBuildFile; fileRef = E98BABE31D483C2A004A3F08 /* CoreGraphics.framework */; };
		E98BABE61D483C35004A3F08 /* CoreText.framework in Frameworks */ = {isa = PBXBuildFile; fileRef = E98BABE51D483C35004A3F08 /* CoreText.framework */; };
		E98BABE81D483C3F004A3F08 /* QuartzCore.framework in Frameworks */ = {isa = PBXBuildFile; fileRef = E98BABE71D483C3F004A3F08 /* QuartzCore.framework */; };
		E98BABEA1D483C4B004A3F08 /* CoreTelephony.framework in Frameworks */ = {isa = PBXBuildFile; fileRef = E98BABE91D483C4B004A3F08 /* CoreTelephony.framework */; };
		E98BABEC1D483C5B004A3F08 /* SystemConfiguration.framework in Frameworks */ = {isa = PBXBuildFile; fileRef = E98BABEB1D483C5B004A3F08 /* SystemConfiguration.framework */; };
		E98BABEE1D483C62004A3F08 /* libz.tbd in Frameworks */ = {isa = PBXBuildFile; fileRef = E98BABED1D483C62004A3F08 /* libz.tbd */; };
		E98BABF01D483C6E004A3F08 /* libc++.tbd in Frameworks */ = {isa = PBXBuildFile; fileRef = E98BABEF1D483C6E004A3F08 /* libc++.tbd */; };
		E98BACC51D483D09004A3F08 /* AlipaySDK.bundle in Resources */ = {isa = PBXBuildFile; fileRef = E98BAC601D483D09004A3F08 /* AlipaySDK.bundle */; };
		E98BACC61D483D09004A3F08 /* AlipaySDK.framework in Frameworks */ = {isa = PBXBuildFile; fileRef = E98BAC611D483D09004A3F08 /* AlipaySDK.framework */; };
		E98BACC71D483D09004A3F08 /* libcrypto.a in Frameworks */ = {isa = PBXBuildFile; fileRef = E98BAC861D483D09004A3F08 /* libcrypto.a */; };
		E98BACC81D483D09004A3F08 /* libssl.a in Frameworks */ = {isa = PBXBuildFile; fileRef = E98BAC871D483D09004A3F08 /* libssl.a */; };
		E98BACC91D483D09004A3F08 /* Order.m in Sources */ = {isa = PBXBuildFile; fileRef = E98BACB21D483D09004A3F08 /* Order.m */; };
		E98BACCA1D483D09004A3F08 /* base64.m in Sources */ = {isa = PBXBuildFile; fileRef = E98BACB51D483D09004A3F08 /* base64.m */; };
		E98BACCB1D483D09004A3F08 /* DataSigner.m in Sources */ = {isa = PBXBuildFile; fileRef = E98BACB81D483D09004A3F08 /* DataSigner.m */; };
		E98BACCC1D483D09004A3F08 /* DataVerifier.m in Sources */ = {isa = PBXBuildFile; fileRef = E98BACBA1D483D09004A3F08 /* DataVerifier.m */; };
		E98BACCD1D483D09004A3F08 /* MD5DataSigner.m in Sources */ = {isa = PBXBuildFile; fileRef = E98BACBC1D483D09004A3F08 /* MD5DataSigner.m */; };
		E98BACCE1D483D09004A3F08 /* NSDataEx.m in Sources */ = {isa = PBXBuildFile; fileRef = E98BACBE1D483D09004A3F08 /* NSDataEx.m */; };
		E98BACCF1D483D09004A3F08 /* openssl_wrapper.m in Sources */ = {isa = PBXBuildFile; fileRef = E98BACC01D483D09004A3F08 /* openssl_wrapper.m */; };
		E98BACD01D483D09004A3F08 /* RSADataSigner.m in Sources */ = {isa = PBXBuildFile; fileRef = E98BACC21D483D09004A3F08 /* RSADataSigner.m */; };
		E98BACD11D483D09004A3F08 /* RSADataVerifier.m in Sources */ = {isa = PBXBuildFile; fileRef = E98BACC41D483D09004A3F08 /* RSADataVerifier.m */; };
		E98BACD41D48405F004A3F08 /* AlipaySDK+Add.m in Sources */ = {isa = PBXBuildFile; fileRef = E98BACD31D48405F004A3F08 /* AlipaySDK+Add.m */; };
		E98BACDD1D488D5E004A3F08 /* UIColor+Hex.m in Sources */ = {isa = PBXBuildFile; fileRef = E98BACDC1D488D5E004A3F08 /* UIColor+Hex.m */; };
		E996A3A81D499B4B00342AEE /* CheckDataTool.m in Sources */ = {isa = PBXBuildFile; fileRef = E996A3A71D499B4B00342AEE /* CheckDataTool.m */; };
		E996A3AE1D49A58D00342AEE /* KeychainHelper.m in Sources */ = {isa = PBXBuildFile; fileRef = E996A3AB1D49A58D00342AEE /* KeychainHelper.m */; };
		E996A3AF1D49A58D00342AEE /* KeychainIDFA.m in Sources */ = {isa = PBXBuildFile; fileRef = E996A3AD1D49A58D00342AEE /* KeychainIDFA.m */; };
/* End PBXBuildFile section */

/* Begin PBXContainerItemProxy section */
		E90F23B41D47504C00A7BD6B /* PBXContainerItemProxy */ = {
			isa = PBXContainerItemProxy;
			containerPortal = E90F23921D47504C00A7BD6B /* Project object */;
			proxyType = 1;
			remoteGlobalIDString = E90F23991D47504C00A7BD6B;
			remoteInfo = NCLGeneralFramework;
		};
		E90F23BF1D47504C00A7BD6B /* PBXContainerItemProxy */ = {
			isa = PBXContainerItemProxy;
			containerPortal = E90F23921D47504C00A7BD6B /* Project object */;
			proxyType = 1;
			remoteGlobalIDString = E90F23991D47504C00A7BD6B;
			remoteInfo = NCLGeneralFramework;
		};
/* End PBXContainerItemProxy section */

/* Begin PBXFileReference section */
		1EA3682FAA2946F4CCE197B9 /* Pods.debug.xcconfig */ = {isa = PBXFileReference; includeInIndex = 1; lastKnownFileType = text.xcconfig; name = Pods.debug.xcconfig; path = "Pods/Target Support Files/Pods/Pods.debug.xcconfig"; sourceTree = "<group>"; };
		B56FE5A8E2A72DDFEC010414 /* libPods.a */ = {isa = PBXFileReference; explicitFileType = archive.ar; includeInIndex = 0; path = libPods.a; sourceTree = BUILT_PRODUCTS_DIR; };
		C48B93AA1D54CA2D00A727A3 /* UIButton+Extend.h */ = {isa = PBXFileReference; fileEncoding = 4; lastKnownFileType = sourcecode.c.h; path = "UIButton+Extend.h"; sourceTree = "<group>"; };
		C48B93AB1D54CA2D00A727A3 /* UIButton+Extend.m */ = {isa = PBXFileReference; fileEncoding = 4; lastKnownFileType = sourcecode.c.objc; path = "UIButton+Extend.m"; sourceTree = "<group>"; };
		C4DF66B21D55B7AE00B45AC4 /* FileTool.h */ = {isa = PBXFileReference; fileEncoding = 4; lastKnownFileType = sourcecode.c.h; path = FileTool.h; sourceTree = "<group>"; };
		C4DF66B31D55B7AE00B45AC4 /* FileTool.m */ = {isa = PBXFileReference; fileEncoding = 4; lastKnownFileType = sourcecode.c.objc; path = FileTool.m; sourceTree = "<group>"; };
		E90F239A1D47504C00A7BD6B /* NCLGeneralFramework.app */ = {isa = PBXFileReference; explicitFileType = wrapper.application; includeInIndex = 0; path = NCLGeneralFramework.app; sourceTree = BUILT_PRODUCTS_DIR; };
		E90F239E1D47504C00A7BD6B /* main.m */ = {isa = PBXFileReference; lastKnownFileType = sourcecode.c.objc; path = main.m; sourceTree = "<group>"; };
		E90F23A01D47504C00A7BD6B /* AppDelegate.h */ = {isa = PBXFileReference; lastKnownFileType = sourcecode.c.h; name = AppDelegate.h; path = NCLGeneralFramework/AppDelegate.h; sourceTree = SOURCE_ROOT; };
		E90F23A11D47504C00A7BD6B /* AppDelegate.m */ = {isa = PBXFileReference; lastKnownFileType = sourcecode.c.objc; name = AppDelegate.m; path = NCLGeneralFramework/AppDelegate.m; sourceTree = SOURCE_ROOT; };
		E90F23A31D47504C00A7BD6B /* ViewController.h */ = {isa = PBXFileReference; lastKnownFileType = sourcecode.c.h; path = ViewController.h; sourceTree = "<group>"; };
		E90F23A41D47504C00A7BD6B /* ViewController.m */ = {isa = PBXFileReference; lastKnownFileType = sourcecode.c.objc; path = ViewController.m; sourceTree = "<group>"; };
		E90F23A71D47504C00A7BD6B /* Base */ = {isa = PBXFileReference; lastKnownFileType = file.storyboard; name = Base; path = Base.lproj/Main.storyboard; sourceTree = "<group>"; };
		E90F23A91D47504C00A7BD6B /* Assets.xcassets */ = {isa = PBXFileReference; lastKnownFileType = folder.assetcatalog; path = Assets.xcassets; sourceTree = "<group>"; };
		E90F23AC1D47504C00A7BD6B /* Base */ = {isa = PBXFileReference; lastKnownFileType = file.storyboard; name = Base; path = Base.lproj/LaunchScreen.storyboard; sourceTree = "<group>"; };
		E90F23AE1D47504C00A7BD6B /* Info.plist */ = {isa = PBXFileReference; lastKnownFileType = text.plist.xml; path = Info.plist; sourceTree = "<group>"; };
		E90F23B31D47504C00A7BD6B /* NCLGeneralFrameworkTests.xctest */ = {isa = PBXFileReference; explicitFileType = wrapper.cfbundle; includeInIndex = 0; path = NCLGeneralFrameworkTests.xctest; sourceTree = BUILT_PRODUCTS_DIR; };
		E90F23B71D47504C00A7BD6B /* NCLGeneralFrameworkTests.m */ = {isa = PBXFileReference; lastKnownFileType = sourcecode.c.objc; path = NCLGeneralFrameworkTests.m; sourceTree = "<group>"; };
		E90F23B91D47504C00A7BD6B /* Info.plist */ = {isa = PBXFileReference; lastKnownFileType = text.plist.xml; path = Info.plist; sourceTree = "<group>"; };
		E90F23BE1D47504C00A7BD6B /* NCLGeneralFrameworkUITests.xctest */ = {isa = PBXFileReference; explicitFileType = wrapper.cfbundle; includeInIndex = 0; path = NCLGeneralFrameworkUITests.xctest; sourceTree = BUILT_PRODUCTS_DIR; };
		E90F23C21D47504C00A7BD6B /* NCLGeneralFrameworkUITests.m */ = {isa = PBXFileReference; lastKnownFileType = sourcecode.c.objc; path = NCLGeneralFrameworkUITests.m; sourceTree = "<group>"; };
		E90F23C41D47504C00A7BD6B /* Info.plist */ = {isa = PBXFileReference; lastKnownFileType = text.plist.xml; path = Info.plist; sourceTree = "<group>"; };
		E90F23D01D47520A00A7BD6B /* PrefixHeader.pch */ = {isa = PBXFileReference; lastKnownFileType = sourcecode.c.h; path = PrefixHeader.pch; sourceTree = "<group>"; };
		E90F23DA1D47532E00A7BD6B /* AdvertiseView.h */ = {isa = PBXFileReference; fileEncoding = 4; lastKnownFileType = sourcecode.c.h; path = AdvertiseView.h; sourceTree = "<group>"; };
		E90F23DB1D47532E00A7BD6B /* AdvertiseView.m */ = {isa = PBXFileReference; fileEncoding = 4; lastKnownFileType = sourcecode.c.objc; path = AdvertiseView.m; sourceTree = "<group>"; };
		E90F23DD1D47533B00A7BD6B /* AFAppDotNetAPIClient.h */ = {isa = PBXFileReference; fileEncoding = 4; lastKnownFileType = sourcecode.c.h; path = AFAppDotNetAPIClient.h; sourceTree = "<group>"; };
		E90F23DE1D47533B00A7BD6B /* AFAppDotNetAPIClient.m */ = {isa = PBXFileReference; fileEncoding = 4; lastKnownFileType = sourcecode.c.objc; path = AFAppDotNetAPIClient.m; sourceTree = "<group>"; };
		E90F23E01D47536C00A7BD6B /* OneViewController.h */ = {isa = PBXFileReference; fileEncoding = 4; lastKnownFileType = sourcecode.c.h; path = OneViewController.h; sourceTree = "<group>"; };
		E90F23E11D47536C00A7BD6B /* OneViewController.m */ = {isa = PBXFileReference; fileEncoding = 4; lastKnownFileType = sourcecode.c.objc; path = OneViewController.m; sourceTree = "<group>"; };
		E90F23E21D47536C00A7BD6B /* TwoViewController.h */ = {isa = PBXFileReference; fileEncoding = 4; lastKnownFileType = sourcecode.c.h; path = TwoViewController.h; sourceTree = "<group>"; };
		E90F23E31D47536C00A7BD6B /* TwoViewController.m */ = {isa = PBXFileReference; fileEncoding = 4; lastKnownFileType = sourcecode.c.objc; path = TwoViewController.m; sourceTree = "<group>"; };
		E90F23E41D47536C00A7BD6B /* ThreeViewController.h */ = {isa = PBXFileReference; fileEncoding = 4; lastKnownFileType = sourcecode.c.h; path = ThreeViewController.h; sourceTree = "<group>"; };
		E90F23E51D47536C00A7BD6B /* ThreeViewController.m */ = {isa = PBXFileReference; fileEncoding = 4; lastKnownFileType = sourcecode.c.objc; path = ThreeViewController.m; sourceTree = "<group>"; };
		E90F23E61D47536C00A7BD6B /* FourViewController.h */ = {isa = PBXFileReference; fileEncoding = 4; lastKnownFileType = sourcecode.c.h; path = FourViewController.h; sourceTree = "<group>"; };
		E90F23E71D47536C00A7BD6B /* FourViewController.m */ = {isa = PBXFileReference; fileEncoding = 4; lastKnownFileType = sourcecode.c.objc; path = FourViewController.m; sourceTree = "<group>"; };
		E90F23E81D47536C00A7BD6B /* FiveViewController.h */ = {isa = PBXFileReference; fileEncoding = 4; lastKnownFileType = sourcecode.c.h; path = FiveViewController.h; sourceTree = "<group>"; };
		E90F23E91D47536C00A7BD6B /* FiveViewController.m */ = {isa = PBXFileReference; fileEncoding = 4; lastKnownFileType = sourcecode.c.objc; path = FiveViewController.m; sourceTree = "<group>"; };
		E90F23F01D47538C00A7BD6B /* AdvertiseViewController.h */ = {isa = PBXFileReference; fileEncoding = 4; lastKnownFileType = sourcecode.c.h; path = AdvertiseViewController.h; sourceTree = "<group>"; };
		E90F23F11D47538C00A7BD6B /* AdvertiseViewController.m */ = {isa = PBXFileReference; fileEncoding = 4; lastKnownFileType = sourcecode.c.objc; path = AdvertiseViewController.m; sourceTree = "<group>"; };
		E90F23F31D4753B300A7BD6B /* Config.h */ = {isa = PBXFileReference; fileEncoding = 4; lastKnownFileType = sourcecode.c.h; path = Config.h; sourceTree = "<group>"; };
		E90F23F41D4753D400A7BD6B /* MBProgressHUD.bundle */ = {isa = PBXFileReference; lastKnownFileType = "wrapper.plug-in"; path = MBProgressHUD.bundle; sourceTree = "<group>"; };
		E90F23F51D4753D400A7BD6B /* MBProgressHUD+HUD.h */ = {isa = PBXFileReference; fileEncoding = 4; lastKnownFileType = sourcecode.c.h; path = "MBProgressHUD+HUD.h"; sourceTree = "<group>"; };
		E90F23F61D4753D400A7BD6B /* MBProgressHUD+HUD.m */ = {isa = PBXFileReference; fileEncoding = 4; lastKnownFileType = sourcecode.c.objc; path = "MBProgressHUD+HUD.m"; sourceTree = "<group>"; };
		E90F23F71D4753D400A7BD6B /* UIBarButtonItem+Item.h */ = {isa = PBXFileReference; fileEncoding = 4; lastKnownFileType = sourcecode.c.h; path = "UIBarButtonItem+Item.h"; sourceTree = "<group>"; };
		E90F23F81D4753D400A7BD6B /* UIBarButtonItem+Item.m */ = {isa = PBXFileReference; fileEncoding = 4; lastKnownFileType = sourcecode.c.objc; path = "UIBarButtonItem+Item.m"; sourceTree = "<group>"; };
		E90F23FC1D4753EC00A7BD6B /* BLL.h */ = {isa = PBXFileReference; fileEncoding = 4; lastKnownFileType = sourcecode.c.h; path = BLL.h; sourceTree = "<group>"; };
		E90F23FD1D4753EC00A7BD6B /* BLL.m */ = {isa = PBXFileReference; fileEncoding = 4; lastKnownFileType = sourcecode.c.objc; path = BLL.m; sourceTree = "<group>"; };
		E90F23FF1D4753FF00A7BD6B /* UserModel.h */ = {isa = PBXFileReference; fileEncoding = 4; lastKnownFileType = sourcecode.c.h; path = UserModel.h; sourceTree = "<group>"; };
		E90F24001D4753FF00A7BD6B /* UserModel.m */ = {isa = PBXFileReference; fileEncoding = 4; lastKnownFileType = sourcecode.c.objc; path = UserModel.m; sourceTree = "<group>"; };
		E90F24021D47541600A7BD6B /* MainTabBarController.h */ = {isa = PBXFileReference; fileEncoding = 4; lastKnownFileType = sourcecode.c.h; path = MainTabBarController.h; sourceTree = "<group>"; };
		E90F24031D47541600A7BD6B /* MainTabBarController.m */ = {isa = PBXFileReference; fileEncoding = 4; lastKnownFileType = sourcecode.c.objc; path = MainTabBarController.m; sourceTree = "<group>"; };
		E90F24041D47541600A7BD6B /* RootNavigationController.h */ = {isa = PBXFileReference; fileEncoding = 4; lastKnownFileType = sourcecode.c.h; path = RootNavigationController.h; sourceTree = "<group>"; };
		E90F24051D47541600A7BD6B /* RootNavigationController.m */ = {isa = PBXFileReference; fileEncoding = 4; lastKnownFileType = sourcecode.c.objc; path = RootNavigationController.m; sourceTree = "<group>"; };
		E90F24081D47543F00A7BD6B /* AppDelegate+AdvertiseViewController.h */ = {isa = PBXFileReference; fileEncoding = 4; lastKnownFileType = sourcecode.c.h; path = "AppDelegate+AdvertiseViewController.h"; sourceTree = "<group>"; };
		E90F24091D47543F00A7BD6B /* AppDelegate+AdvertiseViewController.m */ = {isa = PBXFileReference; fileEncoding = 4; lastKnownFileType = sourcecode.c.objc; path = "AppDelegate+AdvertiseViewController.m"; sourceTree = "<group>"; };
		E90F240A1D47543F00A7BD6B /* AppDelegate+Pay.h */ = {isa = PBXFileReference; fileEncoding = 4; lastKnownFileType = sourcecode.c.h; path = "AppDelegate+Pay.h"; sourceTree = "<group>"; };
		E90F240B1D47543F00A7BD6B /* AppDelegate+Pay.m */ = {isa = PBXFileReference; fileEncoding = 4; lastKnownFileType = sourcecode.c.objc; path = "AppDelegate+Pay.m"; sourceTree = "<group>"; };
		E90F240C1D47543F00A7BD6B /* AppDelegate+RootViewController.h */ = {isa = PBXFileReference; fileEncoding = 4; lastKnownFileType = sourcecode.c.h; path = "AppDelegate+RootViewController.h"; sourceTree = "<group>"; };
		E90F240D1D47543F00A7BD6B /* AppDelegate+RootViewController.m */ = {isa = PBXFileReference; fileEncoding = 4; lastKnownFileType = sourcecode.c.objc; path = "AppDelegate+RootViewController.m"; sourceTree = "<group>"; };
		E90F24111D4754D700A7BD6B /* zh-Hans */ = {isa = PBXFileReference; lastKnownFileType = text.plist.strings; name = "zh-Hans"; path = "zh-Hans.lproj/Main.strings"; sourceTree = "<group>"; };
		E90F24121D4754D700A7BD6B /* zh-Hans */ = {isa = PBXFileReference; lastKnownFileType = text.plist.strings; name = "zh-Hans"; path = "zh-Hans.lproj/LaunchScreen.strings"; sourceTree = "<group>"; };
		E90F24131D4754DB00A7BD6B /* zh-Hant */ = {isa = PBXFileReference; lastKnownFileType = text.plist.strings; name = "zh-Hant"; path = "zh-Hant.lproj/Main.strings"; sourceTree = "<group>"; };
		E90F24141D4754DB00A7BD6B /* zh-Hant */ = {isa = PBXFileReference; lastKnownFileType = text.plist.strings; name = "zh-Hant"; path = "zh-Hant.lproj/LaunchScreen.strings"; sourceTree = "<group>"; };
		E90F24181D4754FA00A7BD6B /* zh-Hans */ = {isa = PBXFileReference; lastKnownFileType = text.plist.strings; name = "zh-Hans"; path = "zh-Hans.lproj/InfoPlist.strings"; sourceTree = "<group>"; };
		E90F241A1D4754FB00A7BD6B /* zh-Hant */ = {isa = PBXFileReference; lastKnownFileType = text.plist.strings; name = "zh-Hant"; path = "zh-Hant.lproj/InfoPlist.strings"; sourceTree = "<group>"; };
		E90F241B1D4754FD00A7BD6B /* en */ = {isa = PBXFileReference; lastKnownFileType = text.plist.strings; name = en; path = en.lproj/InfoPlist.strings; sourceTree = "<group>"; };
		E981FF131D4EE2FE004D6DD5 /* UIImage+ImageEffects.h */ = {isa = PBXFileReference; fileEncoding = 4; lastKnownFileType = sourcecode.c.h; path = "UIImage+ImageEffects.h"; sourceTree = "<group>"; };
		E981FF141D4EE2FE004D6DD5 /* UIImage+ImageEffects.m */ = {isa = PBXFileReference; fileEncoding = 4; lastKnownFileType = sourcecode.c.objc; path = "UIImage+ImageEffects.m"; sourceTree = "<group>"; };
		E981FF151D4EE2FE004D6DD5 /* UIImageView+LBBlurredImage.h */ = {isa = PBXFileReference; fileEncoding = 4; lastKnownFileType = sourcecode.c.h; path = "UIImageView+LBBlurredImage.h"; sourceTree = "<group>"; };
		E981FF161D4EE2FE004D6DD5 /* UIImageView+LBBlurredImage.m */ = {isa = PBXFileReference; fileEncoding = 4; lastKnownFileType = sourcecode.c.objc; path = "UIImageView+LBBlurredImage.m"; sourceTree = "<group>"; };
		E98BABDB1D483BFF004A3F08 /* CoreMotion.framework */ = {isa = PBXFileReference; lastKnownFileType = wrapper.framework; name = CoreMotion.framework; path = System/Library/Frameworks/CoreMotion.framework; sourceTree = SDKROOT; };
		E98BABDD1D483C08004A3F08 /* CFNetwork.framework */ = {isa = PBXFileReference; lastKnownFileType = wrapper.framework; name = CFNetwork.framework; path = System/Library/Frameworks/CFNetwork.framework; sourceTree = SDKROOT; };
		E98BABDF1D483C1A004A3F08 /* Foundation.framework */ = {isa = PBXFileReference; lastKnownFileType = wrapper.framework; name = Foundation.framework; path = System/Library/Frameworks/Foundation.framework; sourceTree = SDKROOT; };
		E98BABE11D483C21004A3F08 /* UIKit.framework */ = {isa = PBXFileReference; lastKnownFileType = wrapper.framework; name = UIKit.framework; path = System/Library/Frameworks/UIKit.framework; sourceTree = SDKROOT; };
		E98BABE31D483C2A004A3F08 /* CoreGraphics.framework */ = {isa = PBXFileReference; lastKnownFileType = wrapper.framework; name = CoreGraphics.framework; path = System/Library/Frameworks/CoreGraphics.framework; sourceTree = SDKROOT; };
		E98BABE51D483C35004A3F08 /* CoreText.framework */ = {isa = PBXFileReference; lastKnownFileType = wrapper.framework; name = CoreText.framework; path = System/Library/Frameworks/CoreText.framework; sourceTree = SDKROOT; };
		E98BABE71D483C3F004A3F08 /* QuartzCore.framework */ = {isa = PBXFileReference; lastKnownFileType = wrapper.framework; name = QuartzCore.framework; path = System/Library/Frameworks/QuartzCore.framework; sourceTree = SDKROOT; };
		E98BABE91D483C4B004A3F08 /* CoreTelephony.framework */ = {isa = PBXFileReference; lastKnownFileType = wrapper.framework; name = CoreTelephony.framework; path = System/Library/Frameworks/CoreTelephony.framework; sourceTree = SDKROOT; };
		E98BABEB1D483C5B004A3F08 /* SystemConfiguration.framework */ = {isa = PBXFileReference; lastKnownFileType = wrapper.framework; name = SystemConfiguration.framework; path = System/Library/Frameworks/SystemConfiguration.framework; sourceTree = SDKROOT; };
		E98BABED1D483C62004A3F08 /* libz.tbd */ = {isa = PBXFileReference; lastKnownFileType = "sourcecode.text-based-dylib-definition"; name = libz.tbd; path = usr/lib/libz.tbd; sourceTree = SDKROOT; };
		E98BABEF1D483C6E004A3F08 /* libc++.tbd */ = {isa = PBXFileReference; lastKnownFileType = "sourcecode.text-based-dylib-definition"; name = "libc++.tbd"; path = "usr/lib/libc++.tbd"; sourceTree = SDKROOT; };
		E98BAC601D483D09004A3F08 /* AlipaySDK.bundle */ = {isa = PBXFileReference; lastKnownFileType = "wrapper.plug-in"; path = AlipaySDK.bundle; sourceTree = "<group>"; };
		E98BAC611D483D09004A3F08 /* AlipaySDK.framework */ = {isa = PBXFileReference; lastKnownFileType = wrapper.framework; path = AlipaySDK.framework; sourceTree = "<group>"; };
		E98BAC631D483D09004A3F08 /* aes.h */ = {isa = PBXFileReference; fileEncoding = 4; lastKnownFileType = sourcecode.c.h; path = aes.h; sourceTree = "<group>"; };
		E98BAC641D483D09004A3F08 /* asn1.h */ = {isa = PBXFileReference; fileEncoding = 4; lastKnownFileType = sourcecode.c.h; path = asn1.h; sourceTree = "<group>"; };
		E98BAC651D483D09004A3F08 /* asn1_mac.h */ = {isa = PBXFileReference; fileEncoding = 4; lastKnownFileType = sourcecode.c.h; path = asn1_mac.h; sourceTree = "<group>"; };
		E98BAC661D483D09004A3F08 /* asn1t.h */ = {isa = PBXFileReference; fileEncoding = 4; lastKnownFileType = sourcecode.c.h; path = asn1t.h; sourceTree = "<group>"; };
		E98BAC671D483D09004A3F08 /* bio.h */ = {isa = PBXFileReference; fileEncoding = 4; lastKnownFileType = sourcecode.c.h; path = bio.h; sourceTree = "<group>"; };
		E98BAC681D483D09004A3F08 /* blowfish.h */ = {isa = PBXFileReference; fileEncoding = 4; lastKnownFileType = sourcecode.c.h; path = blowfish.h; sourceTree = "<group>"; };
		E98BAC691D483D09004A3F08 /* bn.h */ = {isa = PBXFileReference; fileEncoding = 4; lastKnownFileType = sourcecode.c.h; path = bn.h; sourceTree = "<group>"; };
		E98BAC6A1D483D09004A3F08 /* buffer.h */ = {isa = PBXFileReference; fileEncoding = 4; lastKnownFileType = sourcecode.c.h; path = buffer.h; sourceTree = "<group>"; };
		E98BAC6B1D483D09004A3F08 /* camellia.h */ = {isa = PBXFileReference; fileEncoding = 4; lastKnownFileType = sourcecode.c.h; path = camellia.h; sourceTree = "<group>"; };
		E98BAC6C1D483D09004A3F08 /* cast.h */ = {isa = PBXFileReference; fileEncoding = 4; lastKnownFileType = sourcecode.c.h; path = cast.h; sourceTree = "<group>"; };
		E98BAC6D1D483D09004A3F08 /* cmac.h */ = {isa = PBXFileReference; fileEncoding = 4; lastKnownFileType = sourcecode.c.h; path = cmac.h; sourceTree = "<group>"; };
		E98BAC6E1D483D09004A3F08 /* cms.h */ = {isa = PBXFileReference; fileEncoding = 4; lastKnownFileType = sourcecode.c.h; path = cms.h; sourceTree = "<group>"; };
		E98BAC6F1D483D09004A3F08 /* comp.h */ = {isa = PBXFileReference; fileEncoding = 4; lastKnownFileType = sourcecode.c.h; path = comp.h; sourceTree = "<group>"; };
		E98BAC701D483D09004A3F08 /* conf.h */ = {isa = PBXFileReference; fileEncoding = 4; lastKnownFileType = sourcecode.c.h; path = conf.h; sourceTree = "<group>"; };
		E98BAC711D483D09004A3F08 /* conf_api.h */ = {isa = PBXFileReference; fileEncoding = 4; lastKnownFileType = sourcecode.c.h; path = conf_api.h; sourceTree = "<group>"; };
		E98BAC721D483D09004A3F08 /* crypto.h */ = {isa = PBXFileReference; fileEncoding = 4; lastKnownFileType = sourcecode.c.h; path = crypto.h; sourceTree = "<group>"; };
		E98BAC731D483D09004A3F08 /* des.h */ = {isa = PBXFileReference; fileEncoding = 4; lastKnownFileType = sourcecode.c.h; path = des.h; sourceTree = "<group>"; };
		E98BAC741D483D09004A3F08 /* des_old.h */ = {isa = PBXFileReference; fileEncoding = 4; lastKnownFileType = sourcecode.c.h; path = des_old.h; sourceTree = "<group>"; };
		E98BAC751D483D09004A3F08 /* dh.h */ = {isa = PBXFileReference; fileEncoding = 4; lastKnownFileType = sourcecode.c.h; path = dh.h; sourceTree = "<group>"; };
		E98BAC761D483D09004A3F08 /* dsa.h */ = {isa = PBXFileReference; fileEncoding = 4; lastKnownFileType = sourcecode.c.h; path = dsa.h; sourceTree = "<group>"; };
		E98BAC771D483D09004A3F08 /* dso.h */ = {isa = PBXFileReference; fileEncoding = 4; lastKnownFileType = sourcecode.c.h; path = dso.h; sourceTree = "<group>"; };
		E98BAC781D483D09004A3F08 /* dtls1.h */ = {isa = PBXFileReference; fileEncoding = 4; lastKnownFileType = sourcecode.c.h; path = dtls1.h; sourceTree = "<group>"; };
		E98BAC791D483D09004A3F08 /* e_os2.h */ = {isa = PBXFileReference; fileEncoding = 4; lastKnownFileType = sourcecode.c.h; path = e_os2.h; sourceTree = "<group>"; };
		E98BAC7A1D483D09004A3F08 /* ebcdic.h */ = {isa = PBXFileReference; fileEncoding = 4; lastKnownFileType = sourcecode.c.h; path = ebcdic.h; sourceTree = "<group>"; };
		E98BAC7B1D483D09004A3F08 /* ec.h */ = {isa = PBXFileReference; fileEncoding = 4; lastKnownFileType = sourcecode.c.h; path = ec.h; sourceTree = "<group>"; };
		E98BAC7C1D483D09004A3F08 /* ecdh.h */ = {isa = PBXFileReference; fileEncoding = 4; lastKnownFileType = sourcecode.c.h; path = ecdh.h; sourceTree = "<group>"; };
		E98BAC7D1D483D09004A3F08 /* ecdsa.h */ = {isa = PBXFileReference; fileEncoding = 4; lastKnownFileType = sourcecode.c.h; path = ecdsa.h; sourceTree = "<group>"; };
		E98BAC7E1D483D09004A3F08 /* engine.h */ = {isa = PBXFileReference; fileEncoding = 4; lastKnownFileType = sourcecode.c.h; path = engine.h; sourceTree = "<group>"; };
		E98BAC7F1D483D09004A3F08 /* err.h */ = {isa = PBXFileReference; fileEncoding = 4; lastKnownFileType = sourcecode.c.h; path = err.h; sourceTree = "<group>"; };
		E98BAC801D483D09004A3F08 /* evp.h */ = {isa = PBXFileReference; fileEncoding = 4; lastKnownFileType = sourcecode.c.h; path = evp.h; sourceTree = "<group>"; };
		E98BAC811D483D09004A3F08 /* hmac.h */ = {isa = PBXFileReference; fileEncoding = 4; lastKnownFileType = sourcecode.c.h; path = hmac.h; sourceTree = "<group>"; };
		E98BAC821D483D09004A3F08 /* idea.h */ = {isa = PBXFileReference; fileEncoding = 4; lastKnownFileType = sourcecode.c.h; path = idea.h; sourceTree = "<group>"; };
		E98BAC831D483D09004A3F08 /* krb5_asn.h */ = {isa = PBXFileReference; fileEncoding = 4; lastKnownFileType = sourcecode.c.h; path = krb5_asn.h; sourceTree = "<group>"; };
		E98BAC841D483D09004A3F08 /* kssl.h */ = {isa = PBXFileReference; fileEncoding = 4; lastKnownFileType = sourcecode.c.h; path = kssl.h; sourceTree = "<group>"; };
		E98BAC851D483D09004A3F08 /* lhash.h */ = {isa = PBXFileReference; fileEncoding = 4; lastKnownFileType = sourcecode.c.h; path = lhash.h; sourceTree = "<group>"; };
		E98BAC861D483D09004A3F08 /* libcrypto.a */ = {isa = PBXFileReference; lastKnownFileType = archive.ar; path = libcrypto.a; sourceTree = "<group>"; };
		E98BAC871D483D09004A3F08 /* libssl.a */ = {isa = PBXFileReference; lastKnownFileType = archive.ar; path = libssl.a; sourceTree = "<group>"; };
		E98BAC881D483D09004A3F08 /* md4.h */ = {isa = PBXFileReference; fileEncoding = 4; lastKnownFileType = sourcecode.c.h; path = md4.h; sourceTree = "<group>"; };
		E98BAC891D483D09004A3F08 /* md5.h */ = {isa = PBXFileReference; fileEncoding = 4; lastKnownFileType = sourcecode.c.h; path = md5.h; sourceTree = "<group>"; };
		E98BAC8A1D483D09004A3F08 /* mdc2.h */ = {isa = PBXFileReference; fileEncoding = 4; lastKnownFileType = sourcecode.c.h; path = mdc2.h; sourceTree = "<group>"; };
		E98BAC8B1D483D09004A3F08 /* modes.h */ = {isa = PBXFileReference; fileEncoding = 4; lastKnownFileType = sourcecode.c.h; path = modes.h; sourceTree = "<group>"; };
		E98BAC8C1D483D09004A3F08 /* obj_mac.h */ = {isa = PBXFileReference; fileEncoding = 4; lastKnownFileType = sourcecode.c.h; path = obj_mac.h; sourceTree = "<group>"; };
		E98BAC8D1D483D09004A3F08 /* objects.h */ = {isa = PBXFileReference; fileEncoding = 4; lastKnownFileType = sourcecode.c.h; path = objects.h; sourceTree = "<group>"; };
		E98BAC8E1D483D09004A3F08 /* ocsp.h */ = {isa = PBXFileReference; fileEncoding = 4; lastKnownFileType = sourcecode.c.h; path = ocsp.h; sourceTree = "<group>"; };
		E98BAC8F1D483D09004A3F08 /* opensslconf.h */ = {isa = PBXFileReference; fileEncoding = 4; lastKnownFileType = sourcecode.c.h; path = opensslconf.h; sourceTree = "<group>"; };
		E98BAC901D483D09004A3F08 /* opensslv.h */ = {isa = PBXFileReference; fileEncoding = 4; lastKnownFileType = sourcecode.c.h; path = opensslv.h; sourceTree = "<group>"; };
		E98BAC911D483D09004A3F08 /* ossl_typ.h */ = {isa = PBXFileReference; fileEncoding = 4; lastKnownFileType = sourcecode.c.h; path = ossl_typ.h; sourceTree = "<group>"; };
		E98BAC921D483D09004A3F08 /* pem.h */ = {isa = PBXFileReference; fileEncoding = 4; lastKnownFileType = sourcecode.c.h; path = pem.h; sourceTree = "<group>"; };
		E98BAC931D483D09004A3F08 /* pem2.h */ = {isa = PBXFileReference; fileEncoding = 4; lastKnownFileType = sourcecode.c.h; path = pem2.h; sourceTree = "<group>"; };
		E98BAC941D483D09004A3F08 /* pkcs12.h */ = {isa = PBXFileReference; fileEncoding = 4; lastKnownFileType = sourcecode.c.h; path = pkcs12.h; sourceTree = "<group>"; };
		E98BAC951D483D09004A3F08 /* pkcs7.h */ = {isa = PBXFileReference; fileEncoding = 4; lastKnownFileType = sourcecode.c.h; path = pkcs7.h; sourceTree = "<group>"; };
		E98BAC961D483D09004A3F08 /* pqueue.h */ = {isa = PBXFileReference; fileEncoding = 4; lastKnownFileType = sourcecode.c.h; path = pqueue.h; sourceTree = "<group>"; };
		E98BAC971D483D09004A3F08 /* rand.h */ = {isa = PBXFileReference; fileEncoding = 4; lastKnownFileType = sourcecode.c.h; path = rand.h; sourceTree = "<group>"; };
		E98BAC981D483D09004A3F08 /* rc2.h */ = {isa = PBXFileReference; fileEncoding = 4; lastKnownFileType = sourcecode.c.h; path = rc2.h; sourceTree = "<group>"; };
		E98BAC991D483D09004A3F08 /* rc4.h */ = {isa = PBXFileReference; fileEncoding = 4; lastKnownFileType = sourcecode.c.h; path = rc4.h; sourceTree = "<group>"; };
		E98BAC9A1D483D09004A3F08 /* ripemd.h */ = {isa = PBXFileReference; fileEncoding = 4; lastKnownFileType = sourcecode.c.h; path = ripemd.h; sourceTree = "<group>"; };
		E98BAC9B1D483D09004A3F08 /* rsa.h */ = {isa = PBXFileReference; fileEncoding = 4; lastKnownFileType = sourcecode.c.h; path = rsa.h; sourceTree = "<group>"; };
		E98BAC9C1D483D09004A3F08 /* safestack.h */ = {isa = PBXFileReference; fileEncoding = 4; lastKnownFileType = sourcecode.c.h; path = safestack.h; sourceTree = "<group>"; };
		E98BAC9D1D483D09004A3F08 /* seed.h */ = {isa = PBXFileReference; fileEncoding = 4; lastKnownFileType = sourcecode.c.h; path = seed.h; sourceTree = "<group>"; };
		E98BAC9E1D483D09004A3F08 /* sha.h */ = {isa = PBXFileReference; fileEncoding = 4; lastKnownFileType = sourcecode.c.h; path = sha.h; sourceTree = "<group>"; };
		E98BAC9F1D483D09004A3F08 /* srp.h */ = {isa = PBXFileReference; fileEncoding = 4; lastKnownFileType = sourcecode.c.h; path = srp.h; sourceTree = "<group>"; };
		E98BACA01D483D09004A3F08 /* srtp.h */ = {isa = PBXFileReference; fileEncoding = 4; lastKnownFileType = sourcecode.c.h; path = srtp.h; sourceTree = "<group>"; };
		E98BACA11D483D09004A3F08 /* ssl.h */ = {isa = PBXFileReference; fileEncoding = 4; lastKnownFileType = sourcecode.c.h; path = ssl.h; sourceTree = "<group>"; };
		E98BACA21D483D09004A3F08 /* ssl2.h */ = {isa = PBXFileReference; fileEncoding = 4; lastKnownFileType = sourcecode.c.h; path = ssl2.h; sourceTree = "<group>"; };
		E98BACA31D483D09004A3F08 /* ssl23.h */ = {isa = PBXFileReference; fileEncoding = 4; lastKnownFileType = sourcecode.c.h; path = ssl23.h; sourceTree = "<group>"; };
		E98BACA41D483D09004A3F08 /* ssl3.h */ = {isa = PBXFileReference; fileEncoding = 4; lastKnownFileType = sourcecode.c.h; path = ssl3.h; sourceTree = "<group>"; };
		E98BACA51D483D09004A3F08 /* stack.h */ = {isa = PBXFileReference; fileEncoding = 4; lastKnownFileType = sourcecode.c.h; path = stack.h; sourceTree = "<group>"; };
		E98BACA61D483D09004A3F08 /* symhacks.h */ = {isa = PBXFileReference; fileEncoding = 4; lastKnownFileType = sourcecode.c.h; path = symhacks.h; sourceTree = "<group>"; };
		E98BACA71D483D09004A3F08 /* tls1.h */ = {isa = PBXFileReference; fileEncoding = 4; lastKnownFileType = sourcecode.c.h; path = tls1.h; sourceTree = "<group>"; };
		E98BACA81D483D09004A3F08 /* ts.h */ = {isa = PBXFileReference; fileEncoding = 4; lastKnownFileType = sourcecode.c.h; path = ts.h; sourceTree = "<group>"; };
		E98BACA91D483D09004A3F08 /* txt_db.h */ = {isa = PBXFileReference; fileEncoding = 4; lastKnownFileType = sourcecode.c.h; path = txt_db.h; sourceTree = "<group>"; };
		E98BACAA1D483D09004A3F08 /* ui.h */ = {isa = PBXFileReference; fileEncoding = 4; lastKnownFileType = sourcecode.c.h; path = ui.h; sourceTree = "<group>"; };
		E98BACAB1D483D09004A3F08 /* ui_compat.h */ = {isa = PBXFileReference; fileEncoding = 4; lastKnownFileType = sourcecode.c.h; path = ui_compat.h; sourceTree = "<group>"; };
		E98BACAC1D483D09004A3F08 /* whrlpool.h */ = {isa = PBXFileReference; fileEncoding = 4; lastKnownFileType = sourcecode.c.h; path = whrlpool.h; sourceTree = "<group>"; };
		E98BACAD1D483D09004A3F08 /* x509.h */ = {isa = PBXFileReference; fileEncoding = 4; lastKnownFileType = sourcecode.c.h; path = x509.h; sourceTree = "<group>"; };
		E98BACAE1D483D09004A3F08 /* x509_vfy.h */ = {isa = PBXFileReference; fileEncoding = 4; lastKnownFileType = sourcecode.c.h; path = x509_vfy.h; sourceTree = "<group>"; };
		E98BACAF1D483D09004A3F08 /* x509v3.h */ = {isa = PBXFileReference; fileEncoding = 4; lastKnownFileType = sourcecode.c.h; path = x509v3.h; sourceTree = "<group>"; };
		E98BACB11D483D09004A3F08 /* Order.h */ = {isa = PBXFileReference; fileEncoding = 4; lastKnownFileType = sourcecode.c.h; path = Order.h; sourceTree = "<group>"; };
		E98BACB21D483D09004A3F08 /* Order.m */ = {isa = PBXFileReference; fileEncoding = 4; lastKnownFileType = sourcecode.c.objc; path = Order.m; sourceTree = "<group>"; };
		E98BACB41D483D09004A3F08 /* base64.h */ = {isa = PBXFileReference; fileEncoding = 4; lastKnownFileType = sourcecode.c.h; path = base64.h; sourceTree = "<group>"; };
		E98BACB51D483D09004A3F08 /* base64.m */ = {isa = PBXFileReference; fileEncoding = 4; lastKnownFileType = sourcecode.c.objc; path = base64.m; sourceTree = "<group>"; };
		E98BACB61D483D09004A3F08 /* config.h */ = {isa = PBXFileReference; fileEncoding = 4; lastKnownFileType = sourcecode.c.h; path = config.h; sourceTree = "<group>"; };
		E98BACB71D483D09004A3F08 /* DataSigner.h */ = {isa = PBXFileReference; fileEncoding = 4; lastKnownFileType = sourcecode.c.h; path = DataSigner.h; sourceTree = "<group>"; };
		E98BACB81D483D09004A3F08 /* DataSigner.m */ = {isa = PBXFileReference; fileEncoding = 4; lastKnownFileType = sourcecode.c.objc; path = DataSigner.m; sourceTree = "<group>"; };
		E98BACB91D483D09004A3F08 /* DataVerifier.h */ = {isa = PBXFileReference; fileEncoding = 4; lastKnownFileType = sourcecode.c.h; path = DataVerifier.h; sourceTree = "<group>"; };
		E98BACBA1D483D09004A3F08 /* DataVerifier.m */ = {isa = PBXFileReference; fileEncoding = 4; lastKnownFileType = sourcecode.c.objc; path = DataVerifier.m; sourceTree = "<group>"; };
		E98BACBB1D483D09004A3F08 /* MD5DataSigner.h */ = {isa = PBXFileReference; fileEncoding = 4; lastKnownFileType = sourcecode.c.h; path = MD5DataSigner.h; sourceTree = "<group>"; };
		E98BACBC1D483D09004A3F08 /* MD5DataSigner.m */ = {isa = PBXFileReference; fileEncoding = 4; lastKnownFileType = sourcecode.c.objc; path = MD5DataSigner.m; sourceTree = "<group>"; };
		E98BACBD1D483D09004A3F08 /* NSDataEx.h */ = {isa = PBXFileReference; fileEncoding = 4; lastKnownFileType = sourcecode.c.h; path = NSDataEx.h; sourceTree = "<group>"; };
		E98BACBE1D483D09004A3F08 /* NSDataEx.m */ = {isa = PBXFileReference; fileEncoding = 4; lastKnownFileType = sourcecode.c.objc; path = NSDataEx.m; sourceTree = "<group>"; };
		E98BACBF1D483D09004A3F08 /* openssl_wrapper.h */ = {isa = PBXFileReference; fileEncoding = 4; lastKnownFileType = sourcecode.c.h; path = openssl_wrapper.h; sourceTree = "<group>"; };
		E98BACC01D483D09004A3F08 /* openssl_wrapper.m */ = {isa = PBXFileReference; fileEncoding = 4; lastKnownFileType = sourcecode.c.objc; path = openssl_wrapper.m; sourceTree = "<group>"; };
		E98BACC11D483D09004A3F08 /* RSADataSigner.h */ = {isa = PBXFileReference; fileEncoding = 4; lastKnownFileType = sourcecode.c.h; path = RSADataSigner.h; sourceTree = "<group>"; };
		E98BACC21D483D09004A3F08 /* RSADataSigner.m */ = {isa = PBXFileReference; fileEncoding = 4; lastKnownFileType = sourcecode.c.objc; path = RSADataSigner.m; sourceTree = "<group>"; };
		E98BACC31D483D09004A3F08 /* RSADataVerifier.h */ = {isa = PBXFileReference; fileEncoding = 4; lastKnownFileType = sourcecode.c.h; path = RSADataVerifier.h; sourceTree = "<group>"; };
		E98BACC41D483D09004A3F08 /* RSADataVerifier.m */ = {isa = PBXFileReference; fileEncoding = 4; lastKnownFileType = sourcecode.c.objc; path = RSADataVerifier.m; sourceTree = "<group>"; };
		E98BACD21D48405F004A3F08 /* AlipaySDK+Add.h */ = {isa = PBXFileReference; fileEncoding = 4; lastKnownFileType = sourcecode.c.h; path = "AlipaySDK+Add.h"; sourceTree = "<group>"; };
		E98BACD31D48405F004A3F08 /* AlipaySDK+Add.m */ = {isa = PBXFileReference; fileEncoding = 4; lastKnownFileType = sourcecode.c.objc; path = "AlipaySDK+Add.m"; sourceTree = "<group>"; };
		E98BACDB1D488D5E004A3F08 /* UIColor+Hex.h */ = {isa = PBXFileReference; fileEncoding = 4; lastKnownFileType = sourcecode.c.h; path = "UIColor+Hex.h"; sourceTree = "<group>"; };
		E98BACDC1D488D5E004A3F08 /* UIColor+Hex.m */ = {isa = PBXFileReference; fileEncoding = 4; lastKnownFileType = sourcecode.c.objc; path = "UIColor+Hex.m"; sourceTree = "<group>"; };
		E996A3A61D499B4B00342AEE /* CheckDataTool.h */ = {isa = PBXFileReference; fileEncoding = 4; lastKnownFileType = sourcecode.c.h; path = CheckDataTool.h; sourceTree = "<group>"; };
		E996A3A71D499B4B00342AEE /* CheckDataTool.m */ = {isa = PBXFileReference; fileEncoding = 4; lastKnownFileType = sourcecode.c.objc; path = CheckDataTool.m; sourceTree = "<group>"; };
		E996A3AA1D49A58D00342AEE /* KeychainHelper.h */ = {isa = PBXFileReference; fileEncoding = 4; lastKnownFileType = sourcecode.c.h; path = KeychainHelper.h; sourceTree = "<group>"; };
		E996A3AB1D49A58D00342AEE /* KeychainHelper.m */ = {isa = PBXFileReference; fileEncoding = 4; lastKnownFileType = sourcecode.c.objc; path = KeychainHelper.m; sourceTree = "<group>"; };
		E996A3AC1D49A58D00342AEE /* KeychainIDFA.h */ = {isa = PBXFileReference; fileEncoding = 4; lastKnownFileType = sourcecode.c.h; path = KeychainIDFA.h; sourceTree = "<group>"; };
		E996A3AD1D49A58D00342AEE /* KeychainIDFA.m */ = {isa = PBXFileReference; fileEncoding = 4; lastKnownFileType = sourcecode.c.objc; path = KeychainIDFA.m; sourceTree = "<group>"; };
		FCDE28A135EB774CAC54D4CC /* Pods.release.xcconfig */ = {isa = PBXFileReference; includeInIndex = 1; lastKnownFileType = text.xcconfig; name = Pods.release.xcconfig; path = "Pods/Target Support Files/Pods/Pods.release.xcconfig"; sourceTree = "<group>"; };
/* End PBXFileReference section */

/* Begin PBXFrameworksBuildPhase section */
		E90F23971D47504C00A7BD6B /* Frameworks */ = {
			isa = PBXFrameworksBuildPhase;
			buildActionMask = 2147483647;
			files = (
				E98BABF01D483C6E004A3F08 /* libc++.tbd in Frameworks */,
				E98BABEE1D483C62004A3F08 /* libz.tbd in Frameworks */,
				E98BABEC1D483C5B004A3F08 /* SystemConfiguration.framework in Frameworks */,
				E98BABEA1D483C4B004A3F08 /* CoreTelephony.framework in Frameworks */,
				E98BABE81D483C3F004A3F08 /* QuartzCore.framework in Frameworks */,
				E98BACC81D483D09004A3F08 /* libssl.a in Frameworks */,
				E98BABE61D483C35004A3F08 /* CoreText.framework in Frameworks */,
				E98BACC71D483D09004A3F08 /* libcrypto.a in Frameworks */,
				E98BABE41D483C2A004A3F08 /* CoreGraphics.framework in Frameworks */,
				E98BABE21D483C21004A3F08 /* UIKit.framework in Frameworks */,
				E98BABE01D483C1A004A3F08 /* Foundation.framework in Frameworks */,
				E98BABDE1D483C08004A3F08 /* CFNetwork.framework in Frameworks */,
				E98BACC61D483D09004A3F08 /* AlipaySDK.framework in Frameworks */,
				E98BABDC1D483BFF004A3F08 /* CoreMotion.framework in Frameworks */,
				A5D08E7BBB6D9BB7609EBEB8 /* libPods.a in Frameworks */,
			);
			runOnlyForDeploymentPostprocessing = 0;
		};
		E90F23B01D47504C00A7BD6B /* Frameworks */ = {
			isa = PBXFrameworksBuildPhase;
			buildActionMask = 2147483647;
			files = (
			);
			runOnlyForDeploymentPostprocessing = 0;
		};
		E90F23BB1D47504C00A7BD6B /* Frameworks */ = {
			isa = PBXFrameworksBuildPhase;
			buildActionMask = 2147483647;
			files = (
			);
			runOnlyForDeploymentPostprocessing = 0;
		};
/* End PBXFrameworksBuildPhase section */

/* Begin PBXGroup section */
		AB182DF1FC92A6D88AFF9947 /* Frameworks */ = {
			isa = PBXGroup;
			children = (
				E98BABEF1D483C6E004A3F08 /* libc++.tbd */,
				E98BABED1D483C62004A3F08 /* libz.tbd */,
				E98BABEB1D483C5B004A3F08 /* SystemConfiguration.framework */,
				E98BABE91D483C4B004A3F08 /* CoreTelephony.framework */,
				E98BABE71D483C3F004A3F08 /* QuartzCore.framework */,
				E98BABE51D483C35004A3F08 /* CoreText.framework */,
				E98BABE31D483C2A004A3F08 /* CoreGraphics.framework */,
				E98BABE11D483C21004A3F08 /* UIKit.framework */,
				E98BABDF1D483C1A004A3F08 /* Foundation.framework */,
				E98BABDD1D483C08004A3F08 /* CFNetwork.framework */,
				E98BABDB1D483BFF004A3F08 /* CoreMotion.framework */,
				B56FE5A8E2A72DDFEC010414 /* libPods.a */,
			);
			name = Frameworks;
			sourceTree = "<group>";
		};
		E90F23911D47504C00A7BD6B = {
			isa = PBXGroup;
			children = (
				E90F239C1D47504C00A7BD6B /* NCLGeneralFramework */,
				E90F23B61D47504C00A7BD6B /* NCLGeneralFrameworkTests */,
				E90F23C11D47504C00A7BD6B /* NCLGeneralFrameworkUITests */,
				E90F239B1D47504C00A7BD6B /* Products */,
				F143B8C237FEC961217B6106 /* Pods */,
				AB182DF1FC92A6D88AFF9947 /* Frameworks */,
			);
			sourceTree = "<group>";
		};
		E90F239B1D47504C00A7BD6B /* Products */ = {
			isa = PBXGroup;
			children = (
				E90F239A1D47504C00A7BD6B /* NCLGeneralFramework.app */,
				E90F23B31D47504C00A7BD6B /* NCLGeneralFrameworkTests.xctest */,
				E90F23BE1D47504C00A7BD6B /* NCLGeneralFrameworkUITests.xctest */,
			);
			name = Products;
			sourceTree = "<group>";
		};
		E90F239C1D47504C00A7BD6B /* NCLGeneralFramework */ = {
			isa = PBXGroup;
			children = (
				E90F23D11D4752F600A7BD6B /* AppDelegate */,
				E90F23D21D4752F600A7BD6B /* BLL */,
				E90F23D31D4752F600A7BD6B /* Category */,
				E90F23D41D4752F600A7BD6B /* Config */,
				E996A3A51D499B1A00342AEE /* Tool */,
				E90F23D51D4752F600A7BD6B /* Controller */,
				E90F23D61D4752F600A7BD6B /* Lib */,
				E90F23D71D4752F600A7BD6B /* Model */,
				E90F23D81D4752F600A7BD6B /* Networking Extensions */,
				E90F23D91D4752F600A7BD6B /* View */,
				E90F239D1D47504C00A7BD6B /* Supporting Files */,
			);
			path = NCLGeneralFramework;
			sourceTree = "<group>";
		};
		E90F239D1D47504C00A7BD6B /* Supporting Files */ = {
			isa = PBXGroup;
			children = (
				E90F24021D47541600A7BD6B /* MainTabBarController.h */,
				E90F24031D47541600A7BD6B /* MainTabBarController.m */,
				E90F24041D47541600A7BD6B /* RootNavigationController.h */,
				E90F24051D47541600A7BD6B /* RootNavigationController.m */,
				E90F24191D4754FA00A7BD6B /* InfoPlist.strings */,
				E90F23A31D47504C00A7BD6B /* ViewController.h */,
				E90F23A41D47504C00A7BD6B /* ViewController.m */,
				E90F23A61D47504C00A7BD6B /* Main.storyboard */,
				E90F23A91D47504C00A7BD6B /* Assets.xcassets */,
				E90F23AB1D47504C00A7BD6B /* LaunchScreen.storyboard */,
				E90F23AE1D47504C00A7BD6B /* Info.plist */,
				E90F239E1D47504C00A7BD6B /* main.m */,
				E90F23D01D47520A00A7BD6B /* PrefixHeader.pch */,
			);
			name = "Supporting Files";
			sourceTree = "<group>";
		};
		E90F23B61D47504C00A7BD6B /* NCLGeneralFrameworkTests */ = {
			isa = PBXGroup;
			children = (
				E90F23B71D47504C00A7BD6B /* NCLGeneralFrameworkTests.m */,
				E90F23B91D47504C00A7BD6B /* Info.plist */,
			);
			path = NCLGeneralFrameworkTests;
			sourceTree = "<group>";
		};
		E90F23C11D47504C00A7BD6B /* NCLGeneralFrameworkUITests */ = {
			isa = PBXGroup;
			children = (
				E90F23C21D47504C00A7BD6B /* NCLGeneralFrameworkUITests.m */,
				E90F23C41D47504C00A7BD6B /* Info.plist */,
			);
			path = NCLGeneralFrameworkUITests;
			sourceTree = "<group>";
		};
		E90F23D11D4752F600A7BD6B /* AppDelegate */ = {
			isa = PBXGroup;
			children = (
				E90F23A01D47504C00A7BD6B /* AppDelegate.h */,
				E90F23A11D47504C00A7BD6B /* AppDelegate.m */,
				E90F24081D47543F00A7BD6B /* AppDelegate+AdvertiseViewController.h */,
				E90F24091D47543F00A7BD6B /* AppDelegate+AdvertiseViewController.m */,
				E90F240A1D47543F00A7BD6B /* AppDelegate+Pay.h */,
				E90F240B1D47543F00A7BD6B /* AppDelegate+Pay.m */,
				E90F240C1D47543F00A7BD6B /* AppDelegate+RootViewController.h */,
				E90F240D1D47543F00A7BD6B /* AppDelegate+RootViewController.m */,
			);
			path = AppDelegate;
			sourceTree = "<group>";
		};
		E90F23D21D4752F600A7BD6B /* BLL */ = {
			isa = PBXGroup;
			children = (
				E90F23FC1D4753EC00A7BD6B /* BLL.h */,
				E90F23FD1D4753EC00A7BD6B /* BLL.m */,
			);
			path = BLL;
			sourceTree = "<group>";
		};
		E90F23D31D4752F600A7BD6B /* Category */ = {
			isa = PBXGroup;
			children = (
				E90F23F41D4753D400A7BD6B /* MBProgressHUD.bundle */,
				E90F23F51D4753D400A7BD6B /* MBProgressHUD+HUD.h */,
				E90F23F61D4753D400A7BD6B /* MBProgressHUD+HUD.m */,
				E90F23F71D4753D400A7BD6B /* UIBarButtonItem+Item.h */,
				E90F23F81D4753D400A7BD6B /* UIBarButtonItem+Item.m */,
				E98BACD21D48405F004A3F08 /* AlipaySDK+Add.h */,
				E98BACD31D48405F004A3F08 /* AlipaySDK+Add.m */,
				E98BACDB1D488D5E004A3F08 /* UIColor+Hex.h */,
				E98BACDC1D488D5E004A3F08 /* UIColor+Hex.m */,
				C48B93AA1D54CA2D00A727A3 /* UIButton+Extend.h */,
				C48B93AB1D54CA2D00A727A3 /* UIButton+Extend.m */,
			);
			path = Category;
			sourceTree = "<group>";
		};
		E90F23D41D4752F600A7BD6B /* Config */ = {
			isa = PBXGroup;
			children = (
				E90F23F31D4753B300A7BD6B /* Config.h */,
			);
			path = Config;
			sourceTree = "<group>";
		};
		E90F23D51D4752F600A7BD6B /* Controller */ = {
			isa = PBXGroup;
			children = (
				E90F23EF1D47537200A7BD6B /* 启动广告详情页面 */,
				E90F23E01D47536C00A7BD6B /* OneViewController.h */,
				E90F23E11D47536C00A7BD6B /* OneViewController.m */,
				E90F23E21D47536C00A7BD6B /* TwoViewController.h */,
				E90F23E31D47536C00A7BD6B /* TwoViewController.m */,
				E90F23E41D47536C00A7BD6B /* ThreeViewController.h */,
				E90F23E51D47536C00A7BD6B /* ThreeViewController.m */,
				E90F23E61D47536C00A7BD6B /* FourViewController.h */,
				E90F23E71D47536C00A7BD6B /* FourViewController.m */,
				E90F23E81D47536C00A7BD6B /* FiveViewController.h */,
				E90F23E91D47536C00A7BD6B /* FiveViewController.m */,
			);
			path = Controller;
			sourceTree = "<group>";
		};
		E90F23D61D4752F600A7BD6B /* Lib */ = {
			isa = PBXGroup;
			children = (
				E981FF121D4EE2FE004D6DD5 /* LBBlurredImage */,
				E996A3A91D49A58D00342AEE /* KeychainIDFA */,
				E98BAC5F1D483D09004A3F08 /* AliPaySDK */,
			);
			path = Lib;
			sourceTree = "<group>";
		};
		E90F23D71D4752F600A7BD6B /* Model */ = {
			isa = PBXGroup;
			children = (
				E90F23FF1D4753FF00A7BD6B /* UserModel.h */,
				E90F24001D4753FF00A7BD6B /* UserModel.m */,
			);
			path = Model;
			sourceTree = "<group>";
		};
		E90F23D81D4752F600A7BD6B /* Networking Extensions */ = {
			isa = PBXGroup;
			children = (
				E90F23DD1D47533B00A7BD6B /* AFAppDotNetAPIClient.h */,
				E90F23DE1D47533B00A7BD6B /* AFAppDotNetAPIClient.m */,
			);
			path = "Networking Extensions";
			sourceTree = "<group>";
		};
		E90F23D91D4752F600A7BD6B /* View */ = {
			isa = PBXGroup;
			children = (
				E90F23DA1D47532E00A7BD6B /* AdvertiseView.h */,
				E90F23DB1D47532E00A7BD6B /* AdvertiseView.m */,
			);
			path = View;
			sourceTree = "<group>";
		};
		E90F23EF1D47537200A7BD6B /* 启动广告详情页面 */ = {
			isa = PBXGroup;
			children = (
				E90F23F01D47538C00A7BD6B /* AdvertiseViewController.h */,
				E90F23F11D47538C00A7BD6B /* AdvertiseViewController.m */,
			);
			name = "启动广告详情页面";
			sourceTree = "<group>";
		};
		E981FF121D4EE2FE004D6DD5 /* LBBlurredImage */ = {
			isa = PBXGroup;
			children = (
				E981FF131D4EE2FE004D6DD5 /* UIImage+ImageEffects.h */,
				E981FF141D4EE2FE004D6DD5 /* UIImage+ImageEffects.m */,
				E981FF151D4EE2FE004D6DD5 /* UIImageView+LBBlurredImage.h */,
				E981FF161D4EE2FE004D6DD5 /* UIImageView+LBBlurredImage.m */,
			);
			path = LBBlurredImage;
			sourceTree = "<group>";
		};
		E98BAC5F1D483D09004A3F08 /* AliPaySDK */ = {
			isa = PBXGroup;
			children = (
				E98BAC601D483D09004A3F08 /* AlipaySDK.bundle */,
				E98BAC611D483D09004A3F08 /* AlipaySDK.framework */,
				E98BAC621D483D09004A3F08 /* openssl */,
				E98BACB01D483D09004A3F08 /* Order */,
				E98BACB31D483D09004A3F08 /* Util */,
			);
			path = AliPaySDK;
			sourceTree = "<group>";
		};
		E98BAC621D483D09004A3F08 /* openssl */ = {
			isa = PBXGroup;
			children = (
				E98BAC631D483D09004A3F08 /* aes.h */,
				E98BAC641D483D09004A3F08 /* asn1.h */,
				E98BAC651D483D09004A3F08 /* asn1_mac.h */,
				E98BAC661D483D09004A3F08 /* asn1t.h */,
				E98BAC671D483D09004A3F08 /* bio.h */,
				E98BAC681D483D09004A3F08 /* blowfish.h */,
				E98BAC691D483D09004A3F08 /* bn.h */,
				E98BAC6A1D483D09004A3F08 /* buffer.h */,
				E98BAC6B1D483D09004A3F08 /* camellia.h */,
				E98BAC6C1D483D09004A3F08 /* cast.h */,
				E98BAC6D1D483D09004A3F08 /* cmac.h */,
				E98BAC6E1D483D09004A3F08 /* cms.h */,
				E98BAC6F1D483D09004A3F08 /* comp.h */,
				E98BAC701D483D09004A3F08 /* conf.h */,
				E98BAC711D483D09004A3F08 /* conf_api.h */,
				E98BAC721D483D09004A3F08 /* crypto.h */,
				E98BAC731D483D09004A3F08 /* des.h */,
				E98BAC741D483D09004A3F08 /* des_old.h */,
				E98BAC751D483D09004A3F08 /* dh.h */,
				E98BAC761D483D09004A3F08 /* dsa.h */,
				E98BAC771D483D09004A3F08 /* dso.h */,
				E98BAC781D483D09004A3F08 /* dtls1.h */,
				E98BAC791D483D09004A3F08 /* e_os2.h */,
				E98BAC7A1D483D09004A3F08 /* ebcdic.h */,
				E98BAC7B1D483D09004A3F08 /* ec.h */,
				E98BAC7C1D483D09004A3F08 /* ecdh.h */,
				E98BAC7D1D483D09004A3F08 /* ecdsa.h */,
				E98BAC7E1D483D09004A3F08 /* engine.h */,
				E98BAC7F1D483D09004A3F08 /* err.h */,
				E98BAC801D483D09004A3F08 /* evp.h */,
				E98BAC811D483D09004A3F08 /* hmac.h */,
				E98BAC821D483D09004A3F08 /* idea.h */,
				E98BAC831D483D09004A3F08 /* krb5_asn.h */,
				E98BAC841D483D09004A3F08 /* kssl.h */,
				E98BAC851D483D09004A3F08 /* lhash.h */,
				E98BAC861D483D09004A3F08 /* libcrypto.a */,
				E98BAC871D483D09004A3F08 /* libssl.a */,
				E98BAC881D483D09004A3F08 /* md4.h */,
				E98BAC891D483D09004A3F08 /* md5.h */,
				E98BAC8A1D483D09004A3F08 /* mdc2.h */,
				E98BAC8B1D483D09004A3F08 /* modes.h */,
				E98BAC8C1D483D09004A3F08 /* obj_mac.h */,
				E98BAC8D1D483D09004A3F08 /* objects.h */,
				E98BAC8E1D483D09004A3F08 /* ocsp.h */,
				E98BAC8F1D483D09004A3F08 /* opensslconf.h */,
				E98BAC901D483D09004A3F08 /* opensslv.h */,
				E98BAC911D483D09004A3F08 /* ossl_typ.h */,
				E98BAC921D483D09004A3F08 /* pem.h */,
				E98BAC931D483D09004A3F08 /* pem2.h */,
				E98BAC941D483D09004A3F08 /* pkcs12.h */,
				E98BAC951D483D09004A3F08 /* pkcs7.h */,
				E98BAC961D483D09004A3F08 /* pqueue.h */,
				E98BAC971D483D09004A3F08 /* rand.h */,
				E98BAC981D483D09004A3F08 /* rc2.h */,
				E98BAC991D483D09004A3F08 /* rc4.h */,
				E98BAC9A1D483D09004A3F08 /* ripemd.h */,
				E98BAC9B1D483D09004A3F08 /* rsa.h */,
				E98BAC9C1D483D09004A3F08 /* safestack.h */,
				E98BAC9D1D483D09004A3F08 /* seed.h */,
				E98BAC9E1D483D09004A3F08 /* sha.h */,
				E98BAC9F1D483D09004A3F08 /* srp.h */,
				E98BACA01D483D09004A3F08 /* srtp.h */,
				E98BACA11D483D09004A3F08 /* ssl.h */,
				E98BACA21D483D09004A3F08 /* ssl2.h */,
				E98BACA31D483D09004A3F08 /* ssl23.h */,
				E98BACA41D483D09004A3F08 /* ssl3.h */,
				E98BACA51D483D09004A3F08 /* stack.h */,
				E98BACA61D483D09004A3F08 /* symhacks.h */,
				E98BACA71D483D09004A3F08 /* tls1.h */,
				E98BACA81D483D09004A3F08 /* ts.h */,
				E98BACA91D483D09004A3F08 /* txt_db.h */,
				E98BACAA1D483D09004A3F08 /* ui.h */,
				E98BACAB1D483D09004A3F08 /* ui_compat.h */,
				E98BACAC1D483D09004A3F08 /* whrlpool.h */,
				E98BACAD1D483D09004A3F08 /* x509.h */,
				E98BACAE1D483D09004A3F08 /* x509_vfy.h */,
				E98BACAF1D483D09004A3F08 /* x509v3.h */,
			);
			path = openssl;
			sourceTree = "<group>";
		};
		E98BACB01D483D09004A3F08 /* Order */ = {
			isa = PBXGroup;
			children = (
				E98BACB11D483D09004A3F08 /* Order.h */,
				E98BACB21D483D09004A3F08 /* Order.m */,
			);
			path = Order;
			sourceTree = "<group>";
		};
		E98BACB31D483D09004A3F08 /* Util */ = {
			isa = PBXGroup;
			children = (
				E98BACB41D483D09004A3F08 /* base64.h */,
				E98BACB51D483D09004A3F08 /* base64.m */,
				E98BACB61D483D09004A3F08 /* config.h */,
				E98BACB71D483D09004A3F08 /* DataSigner.h */,
				E98BACB81D483D09004A3F08 /* DataSigner.m */,
				E98BACB91D483D09004A3F08 /* DataVerifier.h */,
				E98BACBA1D483D09004A3F08 /* DataVerifier.m */,
				E98BACBB1D483D09004A3F08 /* MD5DataSigner.h */,
				E98BACBC1D483D09004A3F08 /* MD5DataSigner.m */,
				E98BACBD1D483D09004A3F08 /* NSDataEx.h */,
				E98BACBE1D483D09004A3F08 /* NSDataEx.m */,
				E98BACBF1D483D09004A3F08 /* openssl_wrapper.h */,
				E98BACC01D483D09004A3F08 /* openssl_wrapper.m */,
				E98BACC11D483D09004A3F08 /* RSADataSigner.h */,
				E98BACC21D483D09004A3F08 /* RSADataSigner.m */,
				E98BACC31D483D09004A3F08 /* RSADataVerifier.h */,
				E98BACC41D483D09004A3F08 /* RSADataVerifier.m */,
			);
			path = Util;
			sourceTree = "<group>";
		};
		E996A3A51D499B1A00342AEE /* Tool */ = {
			isa = PBXGroup;
			children = (
				E996A3A61D499B4B00342AEE /* CheckDataTool.h */,
				E996A3A71D499B4B00342AEE /* CheckDataTool.m */,
				C4DF66B21D55B7AE00B45AC4 /* FileTool.h */,
				C4DF66B31D55B7AE00B45AC4 /* FileTool.m */,
			);
			path = Tool;
			sourceTree = "<group>";
		};
		E996A3A91D49A58D00342AEE /* KeychainIDFA */ = {
			isa = PBXGroup;
			children = (
				E996A3AA1D49A58D00342AEE /* KeychainHelper.h */,
				E996A3AB1D49A58D00342AEE /* KeychainHelper.m */,
				E996A3AC1D49A58D00342AEE /* KeychainIDFA.h */,
				E996A3AD1D49A58D00342AEE /* KeychainIDFA.m */,
			);
			path = KeychainIDFA;
			sourceTree = "<group>";
		};
		F143B8C237FEC961217B6106 /* Pods */ = {
			isa = PBXGroup;
			children = (
				1EA3682FAA2946F4CCE197B9 /* Pods.debug.xcconfig */,
				FCDE28A135EB774CAC54D4CC /* Pods.release.xcconfig */,
			);
			name = Pods;
			sourceTree = "<group>";
		};
/* End PBXGroup section */

/* Begin PBXNativeTarget section */
		E90F23991D47504C00A7BD6B /* NCLGeneralFramework */ = {
			isa = PBXNativeTarget;
			buildConfigurationList = E90F23C71D47504C00A7BD6B /* Build configuration list for PBXNativeTarget "NCLGeneralFramework" */;
			buildPhases = (
				2E71B635CA96042FE7E3F1E9 /* Check Pods Manifest.lock */,
				E90F23961D47504C00A7BD6B /* Sources */,
				E90F23971D47504C00A7BD6B /* Frameworks */,
				E90F23981D47504C00A7BD6B /* Resources */,
				607DF71E04FDF16D88826612 /* Embed Pods Frameworks */,
				BA33EC39DAA25283367CD5AB /* Copy Pods Resources */,
			);
			buildRules = (
			);
			dependencies = (
			);
			name = NCLGeneralFramework;
			productName = NCLGeneralFramework;
			productReference = E90F239A1D47504C00A7BD6B /* NCLGeneralFramework.app */;
			productType = "com.apple.product-type.application";
		};
		E90F23B21D47504C00A7BD6B /* NCLGeneralFrameworkTests */ = {
			isa = PBXNativeTarget;
			buildConfigurationList = E90F23CA1D47504C00A7BD6B /* Build configuration list for PBXNativeTarget "NCLGeneralFrameworkTests" */;
			buildPhases = (
				E90F23AF1D47504C00A7BD6B /* Sources */,
				E90F23B01D47504C00A7BD6B /* Frameworks */,
				E90F23B11D47504C00A7BD6B /* Resources */,
			);
			buildRules = (
			);
			dependencies = (
				E90F23B51D47504C00A7BD6B /* PBXTargetDependency */,
			);
			name = NCLGeneralFrameworkTests;
			productName = NCLGeneralFrameworkTests;
			productReference = E90F23B31D47504C00A7BD6B /* NCLGeneralFrameworkTests.xctest */;
			productType = "com.apple.product-type.bundle.unit-test";
		};
		E90F23BD1D47504C00A7BD6B /* NCLGeneralFrameworkUITests */ = {
			isa = PBXNativeTarget;
			buildConfigurationList = E90F23CD1D47504C00A7BD6B /* Build configuration list for PBXNativeTarget "NCLGeneralFrameworkUITests" */;
			buildPhases = (
				E90F23BA1D47504C00A7BD6B /* Sources */,
				E90F23BB1D47504C00A7BD6B /* Frameworks */,
				E90F23BC1D47504C00A7BD6B /* Resources */,
			);
			buildRules = (
			);
			dependencies = (
				E90F23C01D47504C00A7BD6B /* PBXTargetDependency */,
			);
			name = NCLGeneralFrameworkUITests;
			productName = NCLGeneralFrameworkUITests;
			productReference = E90F23BE1D47504C00A7BD6B /* NCLGeneralFrameworkUITests.xctest */;
			productType = "com.apple.product-type.bundle.ui-testing";
		};
/* End PBXNativeTarget section */

/* Begin PBXProject section */
		E90F23921D47504C00A7BD6B /* Project object */ = {
			isa = PBXProject;
			attributes = {
				LastUpgradeCheck = 0700;
				ORGANIZATIONNAME = ncl;
				TargetAttributes = {
					E90F23991D47504C00A7BD6B = {
						CreatedOnToolsVersion = 7.0;
						DevelopmentTeam = 3HW52P37DH;
					};
					E90F23B21D47504C00A7BD6B = {
						CreatedOnToolsVersion = 7.0;
						DevelopmentTeam = 3HW52P37DH;
						TestTargetID = E90F23991D47504C00A7BD6B;
					};
					E90F23BD1D47504C00A7BD6B = {
						CreatedOnToolsVersion = 7.0;
						DevelopmentTeam = 3HW52P37DH;
						TestTargetID = E90F23991D47504C00A7BD6B;
					};
				};
			};
			buildConfigurationList = E90F23951D47504C00A7BD6B /* Build configuration list for PBXProject "NCLGeneralFramework" */;
			compatibilityVersion = "Xcode 3.2";
			developmentRegion = English;
			hasScannedForEncodings = 0;
			knownRegions = (
				en,
				Base,
				"zh-Hant",
			);
			mainGroup = E90F23911D47504C00A7BD6B;
			productRefGroup = E90F239B1D47504C00A7BD6B /* Products */;
			projectDirPath = "";
			projectRoot = "";
			targets = (
				E90F23991D47504C00A7BD6B /* NCLGeneralFramework */,
				E90F23B21D47504C00A7BD6B /* NCLGeneralFrameworkTests */,
				E90F23BD1D47504C00A7BD6B /* NCLGeneralFrameworkUITests */,
			);
		};
/* End PBXProject section */

/* Begin PBXResourcesBuildPhase section */
		E90F23981D47504C00A7BD6B /* Resources */ = {
			isa = PBXResourcesBuildPhase;
			buildActionMask = 2147483647;
			files = (
				E98BACC51D483D09004A3F08 /* AlipaySDK.bundle in Resources */,
				E90F23AD1D47504C00A7BD6B /* LaunchScreen.storyboard in Resources */,
				E90F23F91D4753D400A7BD6B /* MBProgressHUD.bundle in Resources */,
				E90F23AA1D47504C00A7BD6B /* Assets.xcassets in Resources */,
				E90F23A81D47504C00A7BD6B /* Main.storyboard in Resources */,
				E90F24171D4754FA00A7BD6B /* InfoPlist.strings in Resources */,
			);
			runOnlyForDeploymentPostprocessing = 0;
		};
		E90F23B11D47504C00A7BD6B /* Resources */ = {
			isa = PBXResourcesBuildPhase;
			buildActionMask = 2147483647;
			files = (
			);
			runOnlyForDeploymentPostprocessing = 0;
		};
		E90F23BC1D47504C00A7BD6B /* Resources */ = {
			isa = PBXResourcesBuildPhase;
			buildActionMask = 2147483647;
			files = (
			);
			runOnlyForDeploymentPostprocessing = 0;
		};
/* End PBXResourcesBuildPhase section */

/* Begin PBXShellScriptBuildPhase section */
		2E71B635CA96042FE7E3F1E9 /* Check Pods Manifest.lock */ = {
			isa = PBXShellScriptBuildPhase;
			buildActionMask = 2147483647;
			files = (
			);
			inputPaths = (
			);
			name = "Check Pods Manifest.lock";
			outputPaths = (
			);
			runOnlyForDeploymentPostprocessing = 0;
			shellPath = /bin/sh;
			shellScript = "diff \"${PODS_ROOT}/../Podfile.lock\" \"${PODS_ROOT}/Manifest.lock\" > /dev/null\nif [[ $? != 0 ]] ; then\n    cat << EOM\nerror: The sandbox is not in sync with the Podfile.lock. Run 'pod install' or update your CocoaPods installation.\nEOM\n    exit 1\nfi\n";
			showEnvVarsInLog = 0;
		};
		607DF71E04FDF16D88826612 /* Embed Pods Frameworks */ = {
			isa = PBXShellScriptBuildPhase;
			buildActionMask = 2147483647;
			files = (
			);
			inputPaths = (
			);
			name = "Embed Pods Frameworks";
			outputPaths = (
			);
			runOnlyForDeploymentPostprocessing = 0;
			shellPath = /bin/sh;
			shellScript = "\"${SRCROOT}/Pods/Target Support Files/Pods/Pods-frameworks.sh\"\n";
			showEnvVarsInLog = 0;
		};
		BA33EC39DAA25283367CD5AB /* Copy Pods Resources */ = {
			isa = PBXShellScriptBuildPhase;
			buildActionMask = 2147483647;
			files = (
			);
			inputPaths = (
			);
			name = "Copy Pods Resources";
			outputPaths = (
			);
			runOnlyForDeploymentPostprocessing = 0;
			shellPath = /bin/sh;
			shellScript = "\"${SRCROOT}/Pods/Target Support Files/Pods/Pods-resources.sh\"\n";
			showEnvVarsInLog = 0;
		};
/* End PBXShellScriptBuildPhase section */

/* Begin PBXSourcesBuildPhase section */
		E90F23961D47504C00A7BD6B /* Sources */ = {
			isa = PBXSourcesBuildPhase;
			buildActionMask = 2147483647;
			files = (
				E996A3A81D499B4B00342AEE /* CheckDataTool.m in Sources */,
				E90F23EB1D47536C00A7BD6B /* TwoViewController.m in Sources */,
				E98BACCB1D483D09004A3F08 /* DataSigner.m in Sources */,
				E90F23DC1D47532E00A7BD6B /* AdvertiseView.m in Sources */,
				E90F24071D47541600A7BD6B /* RootNavigationController.m in Sources */,
				C4DF66B41D55B7AE00B45AC4 /* FileTool.m in Sources */,
				E90F23A51D47504C00A7BD6B /* ViewController.m in Sources */,
				E98BACCD1D483D09004A3F08 /* MD5DataSigner.m in Sources */,
				E90F23ED1D47536C00A7BD6B /* FourViewController.m in Sources */,
				E996A3AE1D49A58D00342AEE /* KeychainHelper.m in Sources */,
				E90F23FE1D4753EC00A7BD6B /* BLL.m in Sources */,
				E90F23F21D47538C00A7BD6B /* AdvertiseViewController.m in Sources */,
				E996A3AF1D49A58D00342AEE /* KeychainIDFA.m in Sources */,
				E90F24061D47541600A7BD6B /* MainTabBarController.m in Sources */,
				E98BACD41D48405F004A3F08 /* AlipaySDK+Add.m in Sources */,
				E98BACDD1D488D5E004A3F08 /* UIColor+Hex.m in Sources */,
				E981FF181D4EE2FE004D6DD5 /* UIImageView+LBBlurredImage.m in Sources */,
				E98BACCA1D483D09004A3F08 /* base64.m in Sources */,
				E981FF171D4EE2FE004D6DD5 /* UIImage+ImageEffects.m in Sources */,
				E98BACCF1D483D09004A3F08 /* openssl_wrapper.m in Sources */,
				E90F23EE1D47536C00A7BD6B /* FiveViewController.m in Sources */,
				E90F23A21D47504C00A7BD6B /* AppDelegate.m in Sources */,
				E90F24101D47543F00A7BD6B /* AppDelegate+RootViewController.m in Sources */,
				E90F23FB1D4753D400A7BD6B /* UIBarButtonItem+Item.m in Sources */,
				E90F23FA1D4753D400A7BD6B /* MBProgressHUD+HUD.m in Sources */,
				E98BACCC1D483D09004A3F08 /* DataVerifier.m in Sources */,
				E98BACCE1D483D09004A3F08 /* NSDataEx.m in Sources */,
				E90F23EA1D47536C00A7BD6B /* OneViewController.m in Sources */,
				E90F24011D4753FF00A7BD6B /* UserModel.m in Sources */,
				E90F240F1D47543F00A7BD6B /* AppDelegate+Pay.m in Sources */,
				E90F23DF1D47533B00A7BD6B /* AFAppDotNetAPIClient.m in Sources */,
				C48B93AC1D54CA2D00A727A3 /* UIButton+Extend.m in Sources */,
				E98BACD11D483D09004A3F08 /* RSADataVerifier.m in Sources */,
				E90F240E1D47543F00A7BD6B /* AppDelegate+AdvertiseViewController.m in Sources */,
				E98BACC91D483D09004A3F08 /* Order.m in Sources */,
				E90F239F1D47504C00A7BD6B /* main.m in Sources */,
				E98BACD01D483D09004A3F08 /* RSADataSigner.m in Sources */,
				E90F23EC1D47536C00A7BD6B /* ThreeViewController.m in Sources */,
			);
			runOnlyForDeploymentPostprocessing = 0;
		};
		E90F23AF1D47504C00A7BD6B /* Sources */ = {
			isa = PBXSourcesBuildPhase;
			buildActionMask = 2147483647;
			files = (
				E90F23B81D47504C00A7BD6B /* NCLGeneralFrameworkTests.m in Sources */,
			);
			runOnlyForDeploymentPostprocessing = 0;
		};
		E90F23BA1D47504C00A7BD6B /* Sources */ = {
			isa = PBXSourcesBuildPhase;
			buildActionMask = 2147483647;
			files = (
				E90F23C31D47504C00A7BD6B /* NCLGeneralFrameworkUITests.m in Sources */,
			);
			runOnlyForDeploymentPostprocessing = 0;
		};
/* End PBXSourcesBuildPhase section */

/* Begin PBXTargetDependency section */
		E90F23B51D47504C00A7BD6B /* PBXTargetDependency */ = {
			isa = PBXTargetDependency;
			target = E90F23991D47504C00A7BD6B /* NCLGeneralFramework */;
			targetProxy = E90F23B41D47504C00A7BD6B /* PBXContainerItemProxy */;
		};
		E90F23C01D47504C00A7BD6B /* PBXTargetDependency */ = {
			isa = PBXTargetDependency;
			target = E90F23991D47504C00A7BD6B /* NCLGeneralFramework */;
			targetProxy = E90F23BF1D47504C00A7BD6B /* PBXContainerItemProxy */;
		};
/* End PBXTargetDependency section */

/* Begin PBXVariantGroup section */
		E90F23A61D47504C00A7BD6B /* Main.storyboard */ = {
			isa = PBXVariantGroup;
			children = (
				E90F23A71D47504C00A7BD6B /* Base */,
				E90F24111D4754D700A7BD6B /* zh-Hans */,
				E90F24131D4754DB00A7BD6B /* zh-Hant */,
			);
			name = Main.storyboard;
			sourceTree = "<group>";
		};
		E90F23AB1D47504C00A7BD6B /* LaunchScreen.storyboard */ = {
			isa = PBXVariantGroup;
			children = (
				E90F23AC1D47504C00A7BD6B /* Base */,
				E90F24121D4754D700A7BD6B /* zh-Hans */,
				E90F24141D4754DB00A7BD6B /* zh-Hant */,
			);
			name = LaunchScreen.storyboard;
			sourceTree = "<group>";
		};
		E90F24191D4754FA00A7BD6B /* InfoPlist.strings */ = {
			isa = PBXVariantGroup;
			children = (
				E90F24181D4754FA00A7BD6B /* zh-Hans */,
				E90F241A1D4754FB00A7BD6B /* zh-Hant */,
				E90F241B1D4754FD00A7BD6B /* en */,
			);
			name = InfoPlist.strings;
			sourceTree = "<group>";
		};
/* End PBXVariantGroup section */

/* Begin XCBuildConfiguration section */
		E90F23C51D47504C00A7BD6B /* Debug */ = {
			isa = XCBuildConfiguration;
			buildSettings = {
				ALWAYS_SEARCH_USER_PATHS = NO;
				CLANG_CXX_LANGUAGE_STANDARD = "gnu++0x";
				CLANG_CXX_LIBRARY = "libc++";
				CLANG_ENABLE_MODULES = YES;
				CLANG_ENABLE_OBJC_ARC = YES;
				CLANG_WARN_BOOL_CONVERSION = YES;
				CLANG_WARN_CONSTANT_CONVERSION = YES;
				CLANG_WARN_DIRECT_OBJC_ISA_USAGE = YES_ERROR;
				CLANG_WARN_EMPTY_BODY = YES;
				CLANG_WARN_ENUM_CONVERSION = YES;
				CLANG_WARN_INT_CONVERSION = YES;
				CLANG_WARN_OBJC_ROOT_CLASS = YES_ERROR;
				CLANG_WARN_UNREACHABLE_CODE = YES;
				CLANG_WARN__DUPLICATE_METHOD_MATCH = YES;
				"CODE_SIGN_IDENTITY[sdk=iphoneos*]" = "iPhone Developer";
				COPY_PHASE_STRIP = NO;
				DEBUG_INFORMATION_FORMAT = dwarf;
				ENABLE_STRICT_OBJC_MSGSEND = YES;
				ENABLE_TESTABILITY = YES;
				GCC_C_LANGUAGE_STANDARD = gnu99;
				GCC_DYNAMIC_NO_PIC = NO;
				GCC_NO_COMMON_BLOCKS = YES;
				GCC_OPTIMIZATION_LEVEL = 0;
				GCC_PREPROCESSOR_DEFINITIONS = (
					"DEBUG=1",
					"$(inherited)",
				);
				GCC_WARN_64_TO_32_BIT_CONVERSION = YES;
				GCC_WARN_ABOUT_RETURN_TYPE = YES_ERROR;
				GCC_WARN_UNDECLARED_SELECTOR = YES;
				GCC_WARN_UNINITIALIZED_AUTOS = YES_AGGRESSIVE;
				GCC_WARN_UNUSED_FUNCTION = YES;
				GCC_WARN_UNUSED_VARIABLE = YES;
				IPHONEOS_DEPLOYMENT_TARGET = 9.0;
				MTL_ENABLE_DEBUG_INFO = YES;
				ONLY_ACTIVE_ARCH = YES;
				SDKROOT = iphoneos;
				TARGETED_DEVICE_FAMILY = "1,2";
			};
			name = Debug;
		};
		E90F23C61D47504C00A7BD6B /* Release */ = {
			isa = XCBuildConfiguration;
			buildSettings = {
				ALWAYS_SEARCH_USER_PATHS = NO;
				CLANG_CXX_LANGUAGE_STANDARD = "gnu++0x";
				CLANG_CXX_LIBRARY = "libc++";
				CLANG_ENABLE_MODULES = YES;
				CLANG_ENABLE_OBJC_ARC = YES;
				CLANG_WARN_BOOL_CONVERSION = YES;
				CLANG_WARN_CONSTANT_CONVERSION = YES;
				CLANG_WARN_DIRECT_OBJC_ISA_USAGE = YES_ERROR;
				CLANG_WARN_EMPTY_BODY = YES;
				CLANG_WARN_ENUM_CONVERSION = YES;
				CLANG_WARN_INT_CONVERSION = YES;
				CLANG_WARN_OBJC_ROOT_CLASS = YES_ERROR;
				CLANG_WARN_UNREACHABLE_CODE = YES;
				CLANG_WARN__DUPLICATE_METHOD_MATCH = YES;
				"CODE_SIGN_IDENTITY[sdk=iphoneos*]" = "iPhone Developer";
				COPY_PHASE_STRIP = NO;
				DEBUG_INFORMATION_FORMAT = "dwarf-with-dsym";
				ENABLE_NS_ASSERTIONS = NO;
				ENABLE_STRICT_OBJC_MSGSEND = YES;
				GCC_C_LANGUAGE_STANDARD = gnu99;
				GCC_NO_COMMON_BLOCKS = YES;
				GCC_WARN_64_TO_32_BIT_CONVERSION = YES;
				GCC_WARN_ABOUT_RETURN_TYPE = YES_ERROR;
				GCC_WARN_UNDECLARED_SELECTOR = YES;
				GCC_WARN_UNINITIALIZED_AUTOS = YES_AGGRESSIVE;
				GCC_WARN_UNUSED_FUNCTION = YES;
				GCC_WARN_UNUSED_VARIABLE = YES;
				IPHONEOS_DEPLOYMENT_TARGET = 9.0;
				MTL_ENABLE_DEBUG_INFO = NO;
				SDKROOT = iphoneos;
				TARGETED_DEVICE_FAMILY = "1,2";
				VALIDATE_PRODUCT = YES;
			};
			name = Release;
		};
		E90F23C81D47504C00A7BD6B /* Debug */ = {
			isa = XCBuildConfiguration;
			baseConfigurationReference = 1EA3682FAA2946F4CCE197B9 /* Pods.debug.xcconfig */;
			buildSettings = {
				ASSETCATALOG_COMPILER_APPICON_NAME = AppIcon;
				ASSETCATALOG_COMPILER_LAUNCHIMAGE_NAME = LaunchImage;
				FRAMEWORK_SEARCH_PATHS = (
					"$(inherited)",
					"$(PROJECT_DIR)/NCLGeneralFramework/Lib",
					"$(PROJECT_DIR)/NCLGeneralFramework/Lib/AliPaySDK",
				);
				GCC_PREFIX_HEADER = NCLGeneralFramework/PrefixHeader.pch;
				HEADER_SEARCH_PATHS = (
					"$(inherited)",
					"\"${PODS_ROOT}/Headers/Public\"",
					"\"${PODS_ROOT}/Headers/Public/AFNetworking\"",
					"\"${PODS_ROOT}/Headers/Public/MBProgressHUD\"",
					"\"${PODS_ROOT}/Headers/Public/MJRefresh\"",
					"\"${PODS_ROOT}/Headers/Public/Masonry\"",
					"\"${PODS_ROOT}/Headers/Public/SDWebImage\"",
					NCLGeneralFramework/Lib/AliPaySDK/,
				);
				INFOPLIST_FILE = NCLGeneralFramework/Info.plist;
				IPHONEOS_DEPLOYMENT_TARGET = 7.0;
				LD_RUNPATH_SEARCH_PATHS = "$(inherited) @executable_path/Frameworks";
				LIBRARY_SEARCH_PATHS = (
					"$(inherited)",
					"$(PROJECT_DIR)/NCLGeneralFramework/Lib/openssl",
					"$(PROJECT_DIR)/NCLGeneralFramework/Lib/AliPaySDK/openssl",
				);
				PRODUCT_BUNDLE_IDENTIFIER = com.ncl.NCLGeneralFramework;
				PRODUCT_NAME = "$(TARGET_NAME)";
			};
			name = Debug;
		};
		E90F23C91D47504C00A7BD6B /* Release */ = {
			isa = XCBuildConfiguration;
			baseConfigurationReference = FCDE28A135EB774CAC54D4CC /* Pods.release.xcconfig */;
			buildSettings = {
				ASSETCATALOG_COMPILER_APPICON_NAME = AppIcon;
				ASSETCATALOG_COMPILER_LAUNCHIMAGE_NAME = LaunchImage;
				FRAMEWORK_SEARCH_PATHS = (
					"$(inherited)",
					"$(PROJECT_DIR)/NCLGeneralFramework/Lib",
					"$(PROJECT_DIR)/NCLGeneralFramework/Lib/AliPaySDK",
				);
				GCC_PREFIX_HEADER = NCLGeneralFramework/PrefixHeader.pch;
				HEADER_SEARCH_PATHS = (
					"$(inherited)",
					"\"${PODS_ROOT}/Headers/Public\"",
					"\"${PODS_ROOT}/Headers/Public/AFNetworking\"",
					"\"${PODS_ROOT}/Headers/Public/MBProgressHUD\"",
					"\"${PODS_ROOT}/Headers/Public/MJRefresh\"",
					"\"${PODS_ROOT}/Headers/Public/Masonry\"",
					"\"${PODS_ROOT}/Headers/Public/SDWebImage\"",
					NCLGeneralFramework/Lib/AliPaySDK/,
				);
				INFOPLIST_FILE = NCLGeneralFramework/Info.plist;
				IPHONEOS_DEPLOYMENT_TARGET = 7.0;
				LD_RUNPATH_SEARCH_PATHS = "$(inherited) @executable_path/Frameworks";
				LIBRARY_SEARCH_PATHS = (
					"$(inherited)",
					"$(PROJECT_DIR)/NCLGeneralFramework/Lib/openssl",
					"$(PROJECT_DIR)/NCLGeneralFramework/Lib/AliPaySDK/openssl",
				);
				PRODUCT_BUNDLE_IDENTIFIER = com.ncl.NCLGeneralFramework;
				PRODUCT_NAME = "$(TARGET_NAME)";
			};
			name = Release;
		};
		E90F23CB1D47504C00A7BD6B /* Debug */ = {
			isa = XCBuildConfiguration;
			buildSettings = {
				BUNDLE_LOADER = "$(TEST_HOST)";
				INFOPLIST_FILE = NCLGeneralFrameworkTests/Info.plist;
				LD_RUNPATH_SEARCH_PATHS = "$(inherited) @executable_path/Frameworks @loader_path/Frameworks";
				PRODUCT_BUNDLE_IDENTIFIER = com.ncl.NCLGeneralFrameworkTests;
				PRODUCT_NAME = "$(TARGET_NAME)";
				TEST_HOST = "$(BUILT_PRODUCTS_DIR)/NCLGeneralFramework.app/NCLGeneralFramework";
			};
			name = Debug;
		};
		E90F23CC1D47504C00A7BD6B /* Release */ = {
			isa = XCBuildConfiguration;
			buildSettings = {
				BUNDLE_LOADER = "$(TEST_HOST)";
				INFOPLIST_FILE = NCLGeneralFrameworkTests/Info.plist;
				LD_RUNPATH_SEARCH_PATHS = "$(inherited) @executable_path/Frameworks @loader_path/Frameworks";
				PRODUCT_BUNDLE_IDENTIFIER = com.ncl.NCLGeneralFrameworkTests;
				PRODUCT_NAME = "$(TARGET_NAME)";
				TEST_HOST = "$(BUILT_PRODUCTS_DIR)/NCLGeneralFramework.app/NCLGeneralFramework";
			};
			name = Release;
		};
		E90F23CE1D47504C00A7BD6B /* Debug */ = {
			isa = XCBuildConfiguration;
			buildSettings = {
				INFOPLIST_FILE = NCLGeneralFrameworkUITests/Info.plist;
				LD_RUNPATH_SEARCH_PATHS = "$(inherited) @executable_path/Frameworks @loader_path/Frameworks";
				PRODUCT_BUNDLE_IDENTIFIER = com.ncl.NCLGeneralFrameworkUITests;
				PRODUCT_NAME = "$(TARGET_NAME)";
				TEST_TARGET_NAME = NCLGeneralFramework;
				USES_XCTRUNNER = YES;
			};
			name = Debug;
		};
		E90F23CF1D47504C00A7BD6B /* Release */ = {
			isa = XCBuildConfiguration;
			buildSettings = {
				INFOPLIST_FILE = NCLGeneralFrameworkUITests/Info.plist;
				LD_RUNPATH_SEARCH_PATHS = "$(inherited) @executable_path/Frameworks @loader_path/Frameworks";
				PRODUCT_BUNDLE_IDENTIFIER = com.ncl.NCLGeneralFrameworkUITests;
				PRODUCT_NAME = "$(TARGET_NAME)";
				TEST_TARGET_NAME = NCLGeneralFramework;
				USES_XCTRUNNER = YES;
			};
			name = Release;
		};
/* End XCBuildConfiguration section */

/* Begin XCConfigurationList section */
		E90F23951D47504C00A7BD6B /* Build configuration list for PBXProject "NCLGeneralFramework" */ = {
			isa = XCConfigurationList;
			buildConfigurations = (
				E90F23C51D47504C00A7BD6B /* Debug */,
				E90F23C61D47504C00A7BD6B /* Release */,
			);
			defaultConfigurationIsVisible = 0;
			defaultConfigurationName = Release;
		};
		E90F23C71D47504C00A7BD6B /* Build configuration list for PBXNativeTarget "NCLGeneralFramework" */ = {
			isa = XCConfigurationList;
			buildConfigurations = (
				E90F23C81D47504C00A7BD6B /* Debug */,
				E90F23C91D47504C00A7BD6B /* Release */,
			);
			defaultConfigurationIsVisible = 0;
			defaultConfigurationName = Release;
		};
		E90F23CA1D47504C00A7BD6B /* Build configuration list for PBXNativeTarget "NCLGeneralFrameworkTests" */ = {
			isa = XCConfigurationList;
			buildConfigurations = (
				E90F23CB1D47504C00A7BD6B /* Debug */,
				E90F23CC1D47504C00A7BD6B /* Release */,
			);
			defaultConfigurationIsVisible = 0;
			defaultConfigurationName = Release;
		};
		E90F23CD1D47504C00A7BD6B /* Build configuration list for PBXNativeTarget "NCLGeneralFrameworkUITests" */ = {
			isa = XCConfigurationList;
			buildConfigurations = (
				E90F23CE1D47504C00A7BD6B /* Debug */,
				E90F23CF1D47504C00A7BD6B /* Release */,
			);
			defaultConfigurationIsVisible = 0;
			defaultConfigurationName = Release;
		};
/* End XCConfigurationList section */
	};
	rootObject = E90F23921D47504C00A7BD6B /* Project object */;
}
